
Microsoft Visual Studio Solution File, Format Version 12.00
# Visual Studio Version 16
VisualStudioVersion = 16.6.30114.105
MinimumVisualStudioVersion = 10.0.40219.1
Project("{9A19103F-16F7-4668-BE54-9A1E7A4F7556}") = "R5T.T0039.X0001", "R5T.T0039.X0001\R5T.T0039.X0001.csproj", "{58A4FCD4-94AF-442B-90F7-876360C2999F}"
EndProject
Project("{2150E333-8FDC-42A3-9474-1A3956D46DE8}") = "_Dependencies", "_Dependencies", "{A8974F1A-5834-40E4-BFDF-29506C147413}"
EndProject
Project("{9A19103F-16F7-4668-BE54-9A1E7A4F7556}") = "R5T.T0039", "..\..\R5T.T0039\source\R5T.T0039\R5T.T0039.csproj", "{153FB32F-088A-4B5C-9E0A-05064614983B}"
EndProject
Project("{9A19103F-16F7-4668-BE54-9A1E7A4F7556}") = "R5T.T0058", "..\..\R5T.T0058\source\R5T.T0058\R5T.T0058.csproj", "{73B4A6D2-A6ED-492D-84B6-2B450C22C1EC}"
EndProject
Project("{9A19103F-16F7-4668-BE54-9A1E7A4F7556}") = "R5T.T0045.X002", "..\..\R5T.T0045\source\R5T.T0045.X002\R5T.T0045.X002.csproj", "{69329E24-3559-4EED-9D8F-E752459CEBA0}"
EndProject
Project("{9A19103F-16F7-4668-BE54-9A1E7A4F7556}") = "R5T.T0045.X0001", "..\..\R5T.T0045.X0001\source\R5T.T0045.X0001\R5T.T0045.X0001.csproj", "{D43F275F-F7AB-4DFC-841C-C63FE30A4863}"
EndProject
Project("{9A19103F-16F7-4668-BE54-9A1E7A4F7556}") = "R5T.T0034.X0001", "..\..\R5T.T0034.X0001\source\R5T.T0034.X0001\R5T.T0034.X0001.csproj", "{58A0B112-7A79-481B-87D3-2FE9B63E363A}"
EndProject
Project("{9A19103F-16F7-4668-BE54-9A1E7A4F7556}") = "R5T.Magyar", "..\..\R5T.Magyar\source\R5T.Magyar\R5T.Magyar.csproj", "{60CE7909-B4EE-41EE-8455-93B9684DE18A}"
EndProject
Project("{9A19103F-16F7-4668-BE54-9A1E7A4F7556}") = "R5T.T0034", "..\..\R5T.T0034\source\R5T.T0034\R5T.T0034.csproj", "{3B3A94A2-FF35-4CE8-8AC8-DDBDDFC064F1}"
EndProject
Project("{9A19103F-16F7-4668-BE54-9A1E7A4F7556}") = "R5T.T0039.T002", "..\..\R5T.T0039\source\R5T.T0039.T002\R5T.T0039.T002.csproj", "{55675B15-7BC2-4CA9-8934-06E1A5647E86}"
EndProject
Project("{9A19103F-16F7-4668-BE54-9A1E7A4F7556}") = "R5T.T0034.X0001.X001", "..\..\R5T.T0034.X0001\source\R5T.T0034.X0001.X001\R5T.T0034.X0001.X001.csproj", "{A6BDE6D0-E00A-4DA7-AEEF-5C1344486202}"
EndProject
Project("{9A19103F-16F7-4668-BE54-9A1E7A4F7556}") = "R5T.T0034.X009", "..\..\R5T.T0034\source\R5T.T0034.X009\R5T.T0034.X009.csproj", "{7696493F-1B10-4306-B5A0-CE7A399599D9}"
EndProject
Project("{9A19103F-16F7-4668-BE54-9A1E7A4F7556}") = "R5T.T0035.X003", "..\..\R5T.T0035\source\R5T.T0035.X003\R5T.T0035.X003.csproj", "{036032D3-48E2-442B-86FA-D7522D4842DA}"
EndProject
Project("{9A19103F-16F7-4668-BE54-9A1E7A4F7556}") = "R5T.T0035", "..\..\R5T.T0035\source\R5T.T0035\R5T.T0035.csproj", "{462DB727-990C-4ED6-8A22-6705033C5AF6}"
EndProject
Project("{9A19103F-16F7-4668-BE54-9A1E7A4F7556}") = "R5T.T0035.X0001", "..\..\R5T.T0035.X0001\source\R5T.T0035.X0001\R5T.T0035.X0001.csproj", "{710A0E1E-E483-49CF-9240-1456774FDDF3}"
EndProject
Project("{9A19103F-16F7-4668-BE54-9A1E7A4F7556}") = "R5T.T0034.X003", "..\..\R5T.T0034\source\R5T.T0034.X003\R5T.T0034.X003.csproj", "{7F17B62A-9EB7-4BCD-9E56-D5C4E375D02B}"
EndProject
Project("{9A19103F-16F7-4668-BE54-9A1E7A4F7556}") = "R5T.T0034.X010", "..\..\R5T.T0034\source\R5T.T0034.X010\R5T.T0034.X010.csproj", "{9A3CAD94-E025-4275-85FD-74F6BD3283C6}"
EndProject
Project("{9A19103F-16F7-4668-BE54-9A1E7A4F7556}") = "R5T.T0034.X002", "..\..\R5T.T0034\source\R5T.T0034.X002\R5T.T0034.X002.csproj", "{E1BAB56D-2B80-4DB5-8F80-924FB5DED668}"
EndProject
Project("{9A19103F-16F7-4668-BE54-9A1E7A4F7556}") = "R5T.T0034.X004", "..\..\R5T.T0034\source\R5T.T0034.X004\R5T.T0034.X004.csproj", "{546D7A0E-C40D-4EAE-8A23-F841F178CFBD}"
EndProject
Project("{9A19103F-16F7-4668-BE54-9A1E7A4F7556}") = "R5T.T0034.T001.X001", "..\..\R5T.T0034\source\R5T.T0034.T001.X001\R5T.T0034.T001.X001.csproj", "{3E7FBB79-24B7-4957-850E-DA37A0DAA36C}"
EndProject
Project("{9A19103F-16F7-4668-BE54-9A1E7A4F7556}") = "R5T.T0034.T001", "..\..\R5T.T0034\source\R5T.T0034.T001\R5T.T0034.T001.csproj", "{C43999C2-6F8D-4A19-AD63-9D2AA3116075}"
EndProject
Project("{9A19103F-16F7-4668-BE54-9A1E7A4F7556}") = "R5T.T0034.T001.X002", "..\..\R5T.T0034\source\R5T.T0034.T001.X002\R5T.T0034.T001.X002.csproj", "{47BF30B2-F6CB-4DF5-AA1D-9038C293A4CA}"
EndProject
Project("{9A19103F-16F7-4668-BE54-9A1E7A4F7556}") = "R5T.T0034.X001", "..\..\R5T.T0034\source\R5T.T0034.X001\R5T.T0034.X001.csproj", "{49715E3C-D732-4385-8206-3B14B7C5E975}"
EndProject
Project("{9A19103F-16F7-4668-BE54-9A1E7A4F7556}") = "R5T.Magyar.T002", "..\..\R5T.Magyar\source\R5T.Magyar.T002\R5T.Magyar.T002.csproj", "{3635198C-DE27-4FAB-AA02-3CED6D7007DD}"
EndProject
Project("{9A19103F-16F7-4668-BE54-9A1E7A4F7556}") = "R5T.T0036.X0001", "..\..\R5T.T0036.X0001\source\R5T.T0036.X0001\R5T.T0036.X0001.csproj", "{3ADF96D1-9A2C-4229-A64C-37DA45339A43}"
EndProject
Project("{9A19103F-16F7-4668-BE54-9A1E7A4F7556}") = "R5T.T0036", "..\..\R5T.T0036\source\R5T.T0036\R5T.T0036.csproj", "{8C9E8CD8-37B5-4DB0-AE36-997D0836BDAC}"
EndProject
Project("{9A19103F-16F7-4668-BE54-9A1E7A4F7556}") = "R5T.T0040.X0001", "..\..\R5T.T0040.X0001\source\R5T.T0040.X0001\R5T.T0040.X0001.csproj", "{0A1E8DEC-2C9D-41A5-BD54-9EB30735C7BA}"
EndProject
Project("{9A19103F-16F7-4668-BE54-9A1E7A4F7556}") = "R5T.T0021.X0001", "..\..\R5T.T0021.X0001\source\R5T.T0021.X0001\R5T.T0021.X0001.csproj", "{98209942-A4EC-4D1A-A5F8-4898227BBF21}"
EndProject
Project("{9A19103F-16F7-4668-BE54-9A1E7A4F7556}") = "R5T.T0021", "..\..\R5T.T0021\source\R5T.T0021\R5T.T0021.csproj", "{6C1EBB34-E48B-4C53-B199-F5F86B6A7027}"
EndProject
Project("{9A19103F-16F7-4668-BE54-9A1E7A4F7556}") = "R5T.T0021.X002", "..\..\R5T.T0021\source\R5T.T0021.X002\R5T.T0021.X002.csproj", "{7565045D-32A1-4D79-82A1-54714B782B46}"
EndProject
Project("{9A19103F-16F7-4668-BE54-9A1E7A4F7556}") = "R5T.T0037.X001", "..\..\R5T.T0037\source\R5T.T0037.X001\R5T.T0037.X001.csproj", "{1853B1B3-119B-46B7-9BCE-FEB786E550A8}"
EndProject
Project("{9A19103F-16F7-4668-BE54-9A1E7A4F7556}") = "R5T.T0037", "..\..\R5T.T0037\source\R5T.T0037\R5T.T0037.csproj", "{ECDA7ABD-A927-4EA2-B28B-19047D552C2C}"
EndProject
Project("{9A19103F-16F7-4668-BE54-9A1E7A4F7556}") = "R5T.T0037.X002", "..\..\R5T.T0037\source\R5T.T0037.X002\R5T.T0037.X002.csproj", "{5018ECD3-28B1-4AF1-BB2A-D4DD6FA62C1A}"
EndProject
Project("{9A19103F-16F7-4668-BE54-9A1E7A4F7556}") = "R5T.T0040", "..\..\R5T.T0040\source\R5T.T0040\R5T.T0040.csproj", "{7F252D0C-8079-4A21-A3BE-81372BA94158}"
EndProject
Project("{9A19103F-16F7-4668-BE54-9A1E7A4F7556}") = "R5T.T0041.X002", "..\..\R5T.T0041\source\R5T.T0041.X002\R5T.T0041.X002.csproj", "{6A504595-D8D0-4919-B601-7D2DA7CD91FD}"
EndProject
Project("{9A19103F-16F7-4668-BE54-9A1E7A4F7556}") = "R5T.T0042.X001", "..\..\R5T.T0042\source\R5T.T0042.X001\R5T.T0042.X001.csproj", "{AD507A44-970A-4DC2-8791-685FB6B67282}"
EndProject
Project("{9A19103F-16F7-4668-BE54-9A1E7A4F7556}") = "R5T.T0042", "..\..\R5T.T0042\source\R5T.T0042\R5T.T0042.csproj", "{5AA1949C-2CFB-4139-A5B9-10A8B2CBA637}"
EndProject
Project("{9A19103F-16F7-4668-BE54-9A1E7A4F7556}") = "R5T.T0041.X001", "..\..\R5T.T0041\source\R5T.T0041.X001\R5T.T0041.X001.csproj", "{D9C2718D-0761-4311-8438-94B458F6FB8B}"
EndProject
Project("{9A19103F-16F7-4668-BE54-9A1E7A4F7556}") = "R5T.T0041", "..\..\R5T.T0041\source\R5T.T0041\R5T.T0041.csproj", "{1683850C-B210-4C93-9BDB-7AAB24332E55}"
EndProject
Project("{9A19103F-16F7-4668-BE54-9A1E7A4F7556}") = "R5T.T0044.X001", "..\..\R5T.T0044\source\R5T.T0044.X001\R5T.T0044.X001.csproj", "{E2010911-80AA-428B-ABF9-9013307CD4F1}"
EndProject
Project("{9A19103F-16F7-4668-BE54-9A1E7A4F7556}") = "R5T.T0044", "..\..\R5T.T0044\source\R5T.T0044\R5T.T0044.csproj", "{6208DA20-025E-43D1-BD95-0144FCEDC7FC}"
EndProject
Project("{9A19103F-16F7-4668-BE54-9A1E7A4F7556}") = "R5T.T0045.X001", "..\..\R5T.T0045\source\R5T.T0045.X001\R5T.T0045.X001.csproj", "{F965D471-18D5-4A2E-ACBB-2E49773CFCFA}"
EndProject
Project("{9A19103F-16F7-4668-BE54-9A1E7A4F7556}") = "R5T.L0011.T001.X001", "..\..\R5T.L0011\source\R5T.L0011.T001.X001\R5T.L0011.T001.X001.csproj", "{F7729575-546E-4B74-8E27-FDDA3C76A120}"
EndProject
Project("{9A19103F-16F7-4668-BE54-9A1E7A4F7556}") = "R5T.L0011.T001", "..\..\R5T.L0011\source\R5T.L0011.T001\R5T.L0011.T001.csproj", "{D0ABE299-3B45-462C-A240-D5381D0DB80C}"
EndProject
Project("{9A19103F-16F7-4668-BE54-9A1E7A4F7556}") = "R5T.L0011.X001", "..\..\R5T.L0011\source\R5T.L0011.X001\R5T.L0011.X001.csproj", "{FA04C685-5ECA-4A64-977C-F3C27F110B65}"
EndProject
Project("{9A19103F-16F7-4668-BE54-9A1E7A4F7556}") = "R5T.L0011", "..\..\R5T.L0011\source\R5T.L0011\R5T.L0011.csproj", "{2809629E-E58B-418C-8525-FC65EBD9AE64}"
EndProject
Project("{9A19103F-16F7-4668-BE54-9A1E7A4F7556}") = "R5T.L0011.T004", "..\..\R5T.L0011\source\R5T.L0011.T004\R5T.L0011.T004.csproj", "{7596821A-733A-46B1-B96C-5D564B1D0EFA}"
EndProject
Project("{9A19103F-16F7-4668-BE54-9A1E7A4F7556}") = "R5T.L0011.X002", "..\..\R5T.L0011\source\R5T.L0011.X002\R5T.L0011.X002.csproj", "{02CC3B4E-EB18-4639-B8FB-5B2CAE8D5E11}"
EndProject
Project("{9A19103F-16F7-4668-BE54-9A1E7A4F7556}") = "R5T.L0011.T002.X001", "..\..\R5T.L0011\source\R5T.L0011.T002.X001\R5T.L0011.T002.X001.csproj", "{A3ACB12E-5EF8-4622-8CB9-643E7BE34EBE}"
EndProject
Project("{9A19103F-16F7-4668-BE54-9A1E7A4F7556}") = "R5T.L0011.T002", "..\..\R5T.L0011\source\R5T.L0011.T002\R5T.L0011.T002.csproj", "{7E66EFAB-E758-41BE-BECD-BCD3C7A36815}"
EndProject
Project("{9A19103F-16F7-4668-BE54-9A1E7A4F7556}") = "R5T.L0011.T003", "..\..\R5T.L0011\source\R5T.L0011.T003\R5T.L0011.T003.csproj", "{2EDBDA91-0B23-4A52-AFA1-B4962FDA4367}"
EndProject
Project("{9A19103F-16F7-4668-BE54-9A1E7A4F7556}") = "R5T.T0034.X005", "..\..\R5T.T0034\source\R5T.T0034.X005\R5T.T0034.X005.csproj", "{857B979F-C16C-4967-A42B-5F1BA28E0FC6}"
EndProject
Project("{9A19103F-16F7-4668-BE54-9A1E7A4F7556}") = "R5T.T0035.T002", "..\..\R5T.T0035\source\R5T.T0035.T002\R5T.T0035.T002.csproj", "{943BC90A-9DCC-411D-AF52-F9D65E4CFEFC}"
EndProject
Project("{9A19103F-16F7-4668-BE54-9A1E7A4F7556}") = "R5T.T0035.X001", "..\..\R5T.T0035\source\R5T.T0035.X001\R5T.T0035.X001.csproj", "{D7B46C0C-A1A4-4A89-8E2F-F98595BF182C}"
EndProject
Project("{9A19103F-16F7-4668-BE54-9A1E7A4F7556}") = "R5T.T0035.X002", "..\..\R5T.T0035\source\R5T.T0035.X002\R5T.T0035.X002.csproj", "{2D5C14E0-2983-4DB1-A5F8-FD4F8388408A}"
EndProject
Project("{9A19103F-16F7-4668-BE54-9A1E7A4F7556}") = "R5T.T0036.X004", "..\..\R5T.T0036\source\R5T.T0036.X004\R5T.T0036.X004.csproj", "{D002876D-B770-4236-8B39-B84EBBD25938}"
EndProject
Project("{9A19103F-16F7-4668-BE54-9A1E7A4F7556}") = "R5T.T0036.X003", "..\..\R5T.T0036\source\R5T.T0036.X003\R5T.T0036.X003.csproj", "{3BBD7A90-E055-476C-934F-0AE561DDDB95}"
EndProject
Project("{9A19103F-16F7-4668-BE54-9A1E7A4F7556}") = "R5T.T0036.X005", "..\..\R5T.T0036\source\R5T.T0036.X005\R5T.T0036.X005.csproj", "{A92861F8-526F-40DB-BF3D-43E8BF53851C}"
EndProject
Project("{9A19103F-16F7-4668-BE54-9A1E7A4F7556}") = "R5T.T0034.X011", "..\..\R5T.T0034\source\R5T.T0034.X011\R5T.T0034.X011.csproj", "{9BB9BE0C-31C9-497A-8D94-5430581C529F}"
EndProject
Project("{9A19103F-16F7-4668-BE54-9A1E7A4F7556}") = "R5T.T0045", "..\..\R5T.T0045\source\R5T.T0045\R5T.T0045.csproj", "{75E41676-580B-403E-896B-3B38F0F7E45A}"
EndProject
Project("{9A19103F-16F7-4668-BE54-9A1E7A4F7556}") = "R5T.L0011.X004", "..\..\R5T.L0011\source\R5T.L0011.X004\R5T.L0011.X004.csproj", "{B80B5395-2507-4FA2-A997-A4A993821AC9}"
EndProject
Project("{9A19103F-16F7-4668-BE54-9A1E7A4F7556}") = "R5T.T0049.X001", "..\..\R5T.T0049\source\R5T.T0049.X001\R5T.T0049.X001.csproj", "{E620E660-ED82-48E9-BCC2-681B885AEF40}"
EndProject
Project("{9A19103F-16F7-4668-BE54-9A1E7A4F7556}") = "R5T.T0049", "..\..\R5T.T0049\source\R5T.T0049\R5T.T0049.csproj", "{18B1DEE9-AE80-4618-AE91-DCA0478E645B}"
EndProject
Project("{9A19103F-16F7-4668-BE54-9A1E7A4F7556}") = "R5T.Stagira", "..\..\R5T.Stagira\source\R5T.Stagira\R5T.Stagira.csproj", "{BDF53715-707B-4585-AFD8-A1609915F0B2}"
EndProject
Project("{9A19103F-16F7-4668-BE54-9A1E7A4F7556}") = "R5T.T0056", "..\..\R5T.T0056\source\R5T.T0056\R5T.T0056.csproj", "{9A8BEC0A-CE58-45F3-8828-43B1233A264A}"
EndProject
Project("{9A19103F-16F7-4668-BE54-9A1E7A4F7556}") = "R5T.T0050", "..\..\R5T.T0050\source\R5T.T0050\R5T.T0050.csproj", "{66460855-F9CA-459D-A9D6-50476F7A8F0F}"
EndProject
Global
	GlobalSection(SolutionConfigurationPlatforms) = preSolution
		Debug|Any CPU = Debug|Any CPU
		Debug|x64 = Debug|x64
		Debug|x86 = Debug|x86
		Release|Any CPU = Release|Any CPU
		Release|x64 = Release|x64
		Release|x86 = Release|x86
	EndGlobalSection
	GlobalSection(ProjectConfigurationPlatforms) = postSolution
		{58A4FCD4-94AF-442B-90F7-876360C2999F}.Debug|Any CPU.ActiveCfg = Debug|Any CPU
		{58A4FCD4-94AF-442B-90F7-876360C2999F}.Debug|Any CPU.Build.0 = Debug|Any CPU
		{58A4FCD4-94AF-442B-90F7-876360C2999F}.Debug|x64.ActiveCfg = Debug|Any CPU
		{58A4FCD4-94AF-442B-90F7-876360C2999F}.Debug|x64.Build.0 = Debug|Any CPU
		{58A4FCD4-94AF-442B-90F7-876360C2999F}.Debug|x86.ActiveCfg = Debug|Any CPU
		{58A4FCD4-94AF-442B-90F7-876360C2999F}.Debug|x86.Build.0 = Debug|Any CPU
		{58A4FCD4-94AF-442B-90F7-876360C2999F}.Release|Any CPU.ActiveCfg = Release|Any CPU
		{58A4FCD4-94AF-442B-90F7-876360C2999F}.Release|Any CPU.Build.0 = Release|Any CPU
		{58A4FCD4-94AF-442B-90F7-876360C2999F}.Release|x64.ActiveCfg = Release|Any CPU
		{58A4FCD4-94AF-442B-90F7-876360C2999F}.Release|x64.Build.0 = Release|Any CPU
		{58A4FCD4-94AF-442B-90F7-876360C2999F}.Release|x86.ActiveCfg = Release|Any CPU
		{58A4FCD4-94AF-442B-90F7-876360C2999F}.Release|x86.Build.0 = Release|Any CPU
		{153FB32F-088A-4B5C-9E0A-05064614983B}.Debug|Any CPU.ActiveCfg = Debug|Any CPU
		{153FB32F-088A-4B5C-9E0A-05064614983B}.Debug|Any CPU.Build.0 = Debug|Any CPU
		{153FB32F-088A-4B5C-9E0A-05064614983B}.Debug|x64.ActiveCfg = Debug|Any CPU
		{153FB32F-088A-4B5C-9E0A-05064614983B}.Debug|x64.Build.0 = Debug|Any CPU
		{153FB32F-088A-4B5C-9E0A-05064614983B}.Debug|x86.ActiveCfg = Debug|Any CPU
		{153FB32F-088A-4B5C-9E0A-05064614983B}.Debug|x86.Build.0 = Debug|Any CPU
		{153FB32F-088A-4B5C-9E0A-05064614983B}.Release|Any CPU.ActiveCfg = Release|Any CPU
		{153FB32F-088A-4B5C-9E0A-05064614983B}.Release|Any CPU.Build.0 = Release|Any CPU
		{153FB32F-088A-4B5C-9E0A-05064614983B}.Release|x64.ActiveCfg = Release|Any CPU
		{153FB32F-088A-4B5C-9E0A-05064614983B}.Release|x64.Build.0 = Release|Any CPU
		{153FB32F-088A-4B5C-9E0A-05064614983B}.Release|x86.ActiveCfg = Release|Any CPU
		{153FB32F-088A-4B5C-9E0A-05064614983B}.Release|x86.Build.0 = Release|Any CPU
		{73B4A6D2-A6ED-492D-84B6-2B450C22C1EC}.Debug|Any CPU.ActiveCfg = Debug|Any CPU
		{73B4A6D2-A6ED-492D-84B6-2B450C22C1EC}.Debug|Any CPU.Build.0 = Debug|Any CPU
		{73B4A6D2-A6ED-492D-84B6-2B450C22C1EC}.Debug|x64.ActiveCfg = Debug|Any CPU
		{73B4A6D2-A6ED-492D-84B6-2B450C22C1EC}.Debug|x64.Build.0 = Debug|Any CPU
		{73B4A6D2-A6ED-492D-84B6-2B450C22C1EC}.Debug|x86.ActiveCfg = Debug|Any CPU
		{73B4A6D2-A6ED-492D-84B6-2B450C22C1EC}.Debug|x86.Build.0 = Debug|Any CPU
		{73B4A6D2-A6ED-492D-84B6-2B450C22C1EC}.Release|Any CPU.ActiveCfg = Release|Any CPU
		{73B4A6D2-A6ED-492D-84B6-2B450C22C1EC}.Release|Any CPU.Build.0 = Release|Any CPU
		{73B4A6D2-A6ED-492D-84B6-2B450C22C1EC}.Release|x64.ActiveCfg = Release|Any CPU
		{73B4A6D2-A6ED-492D-84B6-2B450C22C1EC}.Release|x64.Build.0 = Release|Any CPU
		{73B4A6D2-A6ED-492D-84B6-2B450C22C1EC}.Release|x86.ActiveCfg = Release|Any CPU
		{73B4A6D2-A6ED-492D-84B6-2B450C22C1EC}.Release|x86.Build.0 = Release|Any CPU
		{69329E24-3559-4EED-9D8F-E752459CEBA0}.Debug|Any CPU.ActiveCfg = Debug|Any CPU
		{69329E24-3559-4EED-9D8F-E752459CEBA0}.Debug|Any CPU.Build.0 = Debug|Any CPU
		{69329E24-3559-4EED-9D8F-E752459CEBA0}.Debug|x64.ActiveCfg = Debug|Any CPU
		{69329E24-3559-4EED-9D8F-E752459CEBA0}.Debug|x64.Build.0 = Debug|Any CPU
		{69329E24-3559-4EED-9D8F-E752459CEBA0}.Debug|x86.ActiveCfg = Debug|Any CPU
		{69329E24-3559-4EED-9D8F-E752459CEBA0}.Debug|x86.Build.0 = Debug|Any CPU
		{69329E24-3559-4EED-9D8F-E752459CEBA0}.Release|Any CPU.ActiveCfg = Release|Any CPU
		{69329E24-3559-4EED-9D8F-E752459CEBA0}.Release|Any CPU.Build.0 = Release|Any CPU
		{69329E24-3559-4EED-9D8F-E752459CEBA0}.Release|x64.ActiveCfg = Release|Any CPU
		{69329E24-3559-4EED-9D8F-E752459CEBA0}.Release|x64.Build.0 = Release|Any CPU
		{69329E24-3559-4EED-9D8F-E752459CEBA0}.Release|x86.ActiveCfg = Release|Any CPU
		{69329E24-3559-4EED-9D8F-E752459CEBA0}.Release|x86.Build.0 = Release|Any CPU
		{D43F275F-F7AB-4DFC-841C-C63FE30A4863}.Debug|Any CPU.ActiveCfg = Debug|Any CPU
		{D43F275F-F7AB-4DFC-841C-C63FE30A4863}.Debug|Any CPU.Build.0 = Debug|Any CPU
		{D43F275F-F7AB-4DFC-841C-C63FE30A4863}.Debug|x64.ActiveCfg = Debug|Any CPU
		{D43F275F-F7AB-4DFC-841C-C63FE30A4863}.Debug|x64.Build.0 = Debug|Any CPU
		{D43F275F-F7AB-4DFC-841C-C63FE30A4863}.Debug|x86.ActiveCfg = Debug|Any CPU
		{D43F275F-F7AB-4DFC-841C-C63FE30A4863}.Debug|x86.Build.0 = Debug|Any CPU
		{D43F275F-F7AB-4DFC-841C-C63FE30A4863}.Release|Any CPU.ActiveCfg = Release|Any CPU
		{D43F275F-F7AB-4DFC-841C-C63FE30A4863}.Release|Any CPU.Build.0 = Release|Any CPU
		{D43F275F-F7AB-4DFC-841C-C63FE30A4863}.Release|x64.ActiveCfg = Release|Any CPU
		{D43F275F-F7AB-4DFC-841C-C63FE30A4863}.Release|x64.Build.0 = Release|Any CPU
		{D43F275F-F7AB-4DFC-841C-C63FE30A4863}.Release|x86.ActiveCfg = Release|Any CPU
		{D43F275F-F7AB-4DFC-841C-C63FE30A4863}.Release|x86.Build.0 = Release|Any CPU
		{58A0B112-7A79-481B-87D3-2FE9B63E363A}.Debug|Any CPU.ActiveCfg = Debug|Any CPU
		{58A0B112-7A79-481B-87D3-2FE9B63E363A}.Debug|Any CPU.Build.0 = Debug|Any CPU
		{58A0B112-7A79-481B-87D3-2FE9B63E363A}.Debug|x64.ActiveCfg = Debug|Any CPU
		{58A0B112-7A79-481B-87D3-2FE9B63E363A}.Debug|x64.Build.0 = Debug|Any CPU
		{58A0B112-7A79-481B-87D3-2FE9B63E363A}.Debug|x86.ActiveCfg = Debug|Any CPU
		{58A0B112-7A79-481B-87D3-2FE9B63E363A}.Debug|x86.Build.0 = Debug|Any CPU
		{58A0B112-7A79-481B-87D3-2FE9B63E363A}.Release|Any CPU.ActiveCfg = Release|Any CPU
		{58A0B112-7A79-481B-87D3-2FE9B63E363A}.Release|Any CPU.Build.0 = Release|Any CPU
		{58A0B112-7A79-481B-87D3-2FE9B63E363A}.Release|x64.ActiveCfg = Release|Any CPU
		{58A0B112-7A79-481B-87D3-2FE9B63E363A}.Release|x64.Build.0 = Release|Any CPU
		{58A0B112-7A79-481B-87D3-2FE9B63E363A}.Release|x86.ActiveCfg = Release|Any CPU
		{58A0B112-7A79-481B-87D3-2FE9B63E363A}.Release|x86.Build.0 = Release|Any CPU
		{60CE7909-B4EE-41EE-8455-93B9684DE18A}.Debug|Any CPU.ActiveCfg = Debug|Any CPU
		{60CE7909-B4EE-41EE-8455-93B9684DE18A}.Debug|Any CPU.Build.0 = Debug|Any CPU
		{60CE7909-B4EE-41EE-8455-93B9684DE18A}.Debug|x64.ActiveCfg = Debug|Any CPU
		{60CE7909-B4EE-41EE-8455-93B9684DE18A}.Debug|x64.Build.0 = Debug|Any CPU
		{60CE7909-B4EE-41EE-8455-93B9684DE18A}.Debug|x86.ActiveCfg = Debug|Any CPU
		{60CE7909-B4EE-41EE-8455-93B9684DE18A}.Debug|x86.Build.0 = Debug|Any CPU
		{60CE7909-B4EE-41EE-8455-93B9684DE18A}.Release|Any CPU.ActiveCfg = Release|Any CPU
		{60CE7909-B4EE-41EE-8455-93B9684DE18A}.Release|Any CPU.Build.0 = Release|Any CPU
		{60CE7909-B4EE-41EE-8455-93B9684DE18A}.Release|x64.ActiveCfg = Release|Any CPU
		{60CE7909-B4EE-41EE-8455-93B9684DE18A}.Release|x64.Build.0 = Release|Any CPU
		{60CE7909-B4EE-41EE-8455-93B9684DE18A}.Release|x86.ActiveCfg = Release|Any CPU
		{60CE7909-B4EE-41EE-8455-93B9684DE18A}.Release|x86.Build.0 = Release|Any CPU
		{3B3A94A2-FF35-4CE8-8AC8-DDBDDFC064F1}.Debug|Any CPU.ActiveCfg = Debug|Any CPU
		{3B3A94A2-FF35-4CE8-8AC8-DDBDDFC064F1}.Debug|Any CPU.Build.0 = Debug|Any CPU
		{3B3A94A2-FF35-4CE8-8AC8-DDBDDFC064F1}.Debug|x64.ActiveCfg = Debug|Any CPU
		{3B3A94A2-FF35-4CE8-8AC8-DDBDDFC064F1}.Debug|x64.Build.0 = Debug|Any CPU
		{3B3A94A2-FF35-4CE8-8AC8-DDBDDFC064F1}.Debug|x86.ActiveCfg = Debug|Any CPU
		{3B3A94A2-FF35-4CE8-8AC8-DDBDDFC064F1}.Debug|x86.Build.0 = Debug|Any CPU
		{3B3A94A2-FF35-4CE8-8AC8-DDBDDFC064F1}.Release|Any CPU.ActiveCfg = Release|Any CPU
		{3B3A94A2-FF35-4CE8-8AC8-DDBDDFC064F1}.Release|Any CPU.Build.0 = Release|Any CPU
		{3B3A94A2-FF35-4CE8-8AC8-DDBDDFC064F1}.Release|x64.ActiveCfg = Release|Any CPU
		{3B3A94A2-FF35-4CE8-8AC8-DDBDDFC064F1}.Release|x64.Build.0 = Release|Any CPU
		{3B3A94A2-FF35-4CE8-8AC8-DDBDDFC064F1}.Release|x86.ActiveCfg = Release|Any CPU
		{3B3A94A2-FF35-4CE8-8AC8-DDBDDFC064F1}.Release|x86.Build.0 = Release|Any CPU
		{55675B15-7BC2-4CA9-8934-06E1A5647E86}.Debug|Any CPU.ActiveCfg = Debug|Any CPU
		{55675B15-7BC2-4CA9-8934-06E1A5647E86}.Debug|Any CPU.Build.0 = Debug|Any CPU
		{55675B15-7BC2-4CA9-8934-06E1A5647E86}.Debug|x64.ActiveCfg = Debug|Any CPU
		{55675B15-7BC2-4CA9-8934-06E1A5647E86}.Debug|x64.Build.0 = Debug|Any CPU
		{55675B15-7BC2-4CA9-8934-06E1A5647E86}.Debug|x86.ActiveCfg = Debug|Any CPU
		{55675B15-7BC2-4CA9-8934-06E1A5647E86}.Debug|x86.Build.0 = Debug|Any CPU
		{55675B15-7BC2-4CA9-8934-06E1A5647E86}.Release|Any CPU.ActiveCfg = Release|Any CPU
		{55675B15-7BC2-4CA9-8934-06E1A5647E86}.Release|Any CPU.Build.0 = Release|Any CPU
		{55675B15-7BC2-4CA9-8934-06E1A5647E86}.Release|x64.ActiveCfg = Release|Any CPU
		{55675B15-7BC2-4CA9-8934-06E1A5647E86}.Release|x64.Build.0 = Release|Any CPU
		{55675B15-7BC2-4CA9-8934-06E1A5647E86}.Release|x86.ActiveCfg = Release|Any CPU
		{55675B15-7BC2-4CA9-8934-06E1A5647E86}.Release|x86.Build.0 = Release|Any CPU
		{A6BDE6D0-E00A-4DA7-AEEF-5C1344486202}.Debug|Any CPU.ActiveCfg = Debug|Any CPU
		{A6BDE6D0-E00A-4DA7-AEEF-5C1344486202}.Debug|Any CPU.Build.0 = Debug|Any CPU
		{A6BDE6D0-E00A-4DA7-AEEF-5C1344486202}.Debug|x64.ActiveCfg = Debug|Any CPU
		{A6BDE6D0-E00A-4DA7-AEEF-5C1344486202}.Debug|x64.Build.0 = Debug|Any CPU
		{A6BDE6D0-E00A-4DA7-AEEF-5C1344486202}.Debug|x86.ActiveCfg = Debug|Any CPU
		{A6BDE6D0-E00A-4DA7-AEEF-5C1344486202}.Debug|x86.Build.0 = Debug|Any CPU
		{A6BDE6D0-E00A-4DA7-AEEF-5C1344486202}.Release|Any CPU.ActiveCfg = Release|Any CPU
		{A6BDE6D0-E00A-4DA7-AEEF-5C1344486202}.Release|Any CPU.Build.0 = Release|Any CPU
		{A6BDE6D0-E00A-4DA7-AEEF-5C1344486202}.Release|x64.ActiveCfg = Release|Any CPU
		{A6BDE6D0-E00A-4DA7-AEEF-5C1344486202}.Release|x64.Build.0 = Release|Any CPU
		{A6BDE6D0-E00A-4DA7-AEEF-5C1344486202}.Release|x86.ActiveCfg = Release|Any CPU
		{A6BDE6D0-E00A-4DA7-AEEF-5C1344486202}.Release|x86.Build.0 = Release|Any CPU
		{7696493F-1B10-4306-B5A0-CE7A399599D9}.Debug|Any CPU.ActiveCfg = Debug|Any CPU
		{7696493F-1B10-4306-B5A0-CE7A399599D9}.Debug|Any CPU.Build.0 = Debug|Any CPU
		{7696493F-1B10-4306-B5A0-CE7A399599D9}.Debug|x64.ActiveCfg = Debug|Any CPU
		{7696493F-1B10-4306-B5A0-CE7A399599D9}.Debug|x64.Build.0 = Debug|Any CPU
		{7696493F-1B10-4306-B5A0-CE7A399599D9}.Debug|x86.ActiveCfg = Debug|Any CPU
		{7696493F-1B10-4306-B5A0-CE7A399599D9}.Debug|x86.Build.0 = Debug|Any CPU
		{7696493F-1B10-4306-B5A0-CE7A399599D9}.Release|Any CPU.ActiveCfg = Release|Any CPU
		{7696493F-1B10-4306-B5A0-CE7A399599D9}.Release|Any CPU.Build.0 = Release|Any CPU
		{7696493F-1B10-4306-B5A0-CE7A399599D9}.Release|x64.ActiveCfg = Release|Any CPU
		{7696493F-1B10-4306-B5A0-CE7A399599D9}.Release|x64.Build.0 = Release|Any CPU
		{7696493F-1B10-4306-B5A0-CE7A399599D9}.Release|x86.ActiveCfg = Release|Any CPU
		{7696493F-1B10-4306-B5A0-CE7A399599D9}.Release|x86.Build.0 = Release|Any CPU
		{036032D3-48E2-442B-86FA-D7522D4842DA}.Debug|Any CPU.ActiveCfg = Debug|Any CPU
		{036032D3-48E2-442B-86FA-D7522D4842DA}.Debug|Any CPU.Build.0 = Debug|Any CPU
		{036032D3-48E2-442B-86FA-D7522D4842DA}.Debug|x64.ActiveCfg = Debug|Any CPU
		{036032D3-48E2-442B-86FA-D7522D4842DA}.Debug|x64.Build.0 = Debug|Any CPU
		{036032D3-48E2-442B-86FA-D7522D4842DA}.Debug|x86.ActiveCfg = Debug|Any CPU
		{036032D3-48E2-442B-86FA-D7522D4842DA}.Debug|x86.Build.0 = Debug|Any CPU
		{036032D3-48E2-442B-86FA-D7522D4842DA}.Release|Any CPU.ActiveCfg = Release|Any CPU
		{036032D3-48E2-442B-86FA-D7522D4842DA}.Release|Any CPU.Build.0 = Release|Any CPU
		{036032D3-48E2-442B-86FA-D7522D4842DA}.Release|x64.ActiveCfg = Release|Any CPU
		{036032D3-48E2-442B-86FA-D7522D4842DA}.Release|x64.Build.0 = Release|Any CPU
		{036032D3-48E2-442B-86FA-D7522D4842DA}.Release|x86.ActiveCfg = Release|Any CPU
		{036032D3-48E2-442B-86FA-D7522D4842DA}.Release|x86.Build.0 = Release|Any CPU
		{462DB727-990C-4ED6-8A22-6705033C5AF6}.Debug|Any CPU.ActiveCfg = Debug|Any CPU
		{462DB727-990C-4ED6-8A22-6705033C5AF6}.Debug|Any CPU.Build.0 = Debug|Any CPU
		{462DB727-990C-4ED6-8A22-6705033C5AF6}.Debug|x64.ActiveCfg = Debug|Any CPU
		{462DB727-990C-4ED6-8A22-6705033C5AF6}.Debug|x64.Build.0 = Debug|Any CPU
		{462DB727-990C-4ED6-8A22-6705033C5AF6}.Debug|x86.ActiveCfg = Debug|Any CPU
		{462DB727-990C-4ED6-8A22-6705033C5AF6}.Debug|x86.Build.0 = Debug|Any CPU
		{462DB727-990C-4ED6-8A22-6705033C5AF6}.Release|Any CPU.ActiveCfg = Release|Any CPU
		{462DB727-990C-4ED6-8A22-6705033C5AF6}.Release|Any CPU.Build.0 = Release|Any CPU
		{462DB727-990C-4ED6-8A22-6705033C5AF6}.Release|x64.ActiveCfg = Release|Any CPU
		{462DB727-990C-4ED6-8A22-6705033C5AF6}.Release|x64.Build.0 = Release|Any CPU
		{462DB727-990C-4ED6-8A22-6705033C5AF6}.Release|x86.ActiveCfg = Release|Any CPU
		{462DB727-990C-4ED6-8A22-6705033C5AF6}.Release|x86.Build.0 = Release|Any CPU
		{710A0E1E-E483-49CF-9240-1456774FDDF3}.Debug|Any CPU.ActiveCfg = Debug|Any CPU
		{710A0E1E-E483-49CF-9240-1456774FDDF3}.Debug|Any CPU.Build.0 = Debug|Any CPU
		{710A0E1E-E483-49CF-9240-1456774FDDF3}.Debug|x64.ActiveCfg = Debug|Any CPU
		{710A0E1E-E483-49CF-9240-1456774FDDF3}.Debug|x64.Build.0 = Debug|Any CPU
		{710A0E1E-E483-49CF-9240-1456774FDDF3}.Debug|x86.ActiveCfg = Debug|Any CPU
		{710A0E1E-E483-49CF-9240-1456774FDDF3}.Debug|x86.Build.0 = Debug|Any CPU
		{710A0E1E-E483-49CF-9240-1456774FDDF3}.Release|Any CPU.ActiveCfg = Release|Any CPU
		{710A0E1E-E483-49CF-9240-1456774FDDF3}.Release|Any CPU.Build.0 = Release|Any CPU
		{710A0E1E-E483-49CF-9240-1456774FDDF3}.Release|x64.ActiveCfg = Release|Any CPU
		{710A0E1E-E483-49CF-9240-1456774FDDF3}.Release|x64.Build.0 = Release|Any CPU
		{710A0E1E-E483-49CF-9240-1456774FDDF3}.Release|x86.ActiveCfg = Release|Any CPU
		{710A0E1E-E483-49CF-9240-1456774FDDF3}.Release|x86.Build.0 = Release|Any CPU
		{7F17B62A-9EB7-4BCD-9E56-D5C4E375D02B}.Debug|Any CPU.ActiveCfg = Debug|Any CPU
		{7F17B62A-9EB7-4BCD-9E56-D5C4E375D02B}.Debug|Any CPU.Build.0 = Debug|Any CPU
		{7F17B62A-9EB7-4BCD-9E56-D5C4E375D02B}.Debug|x64.ActiveCfg = Debug|Any CPU
		{7F17B62A-9EB7-4BCD-9E56-D5C4E375D02B}.Debug|x64.Build.0 = Debug|Any CPU
		{7F17B62A-9EB7-4BCD-9E56-D5C4E375D02B}.Debug|x86.ActiveCfg = Debug|Any CPU
		{7F17B62A-9EB7-4BCD-9E56-D5C4E375D02B}.Debug|x86.Build.0 = Debug|Any CPU
		{7F17B62A-9EB7-4BCD-9E56-D5C4E375D02B}.Release|Any CPU.ActiveCfg = Release|Any CPU
		{7F17B62A-9EB7-4BCD-9E56-D5C4E375D02B}.Release|Any CPU.Build.0 = Release|Any CPU
		{7F17B62A-9EB7-4BCD-9E56-D5C4E375D02B}.Release|x64.ActiveCfg = Release|Any CPU
		{7F17B62A-9EB7-4BCD-9E56-D5C4E375D02B}.Release|x64.Build.0 = Release|Any CPU
		{7F17B62A-9EB7-4BCD-9E56-D5C4E375D02B}.Release|x86.ActiveCfg = Release|Any CPU
		{7F17B62A-9EB7-4BCD-9E56-D5C4E375D02B}.Release|x86.Build.0 = Release|Any CPU
		{9A3CAD94-E025-4275-85FD-74F6BD3283C6}.Debug|Any CPU.ActiveCfg = Debug|Any CPU
		{9A3CAD94-E025-4275-85FD-74F6BD3283C6}.Debug|Any CPU.Build.0 = Debug|Any CPU
		{9A3CAD94-E025-4275-85FD-74F6BD3283C6}.Debug|x64.ActiveCfg = Debug|Any CPU
		{9A3CAD94-E025-4275-85FD-74F6BD3283C6}.Debug|x64.Build.0 = Debug|Any CPU
		{9A3CAD94-E025-4275-85FD-74F6BD3283C6}.Debug|x86.ActiveCfg = Debug|Any CPU
		{9A3CAD94-E025-4275-85FD-74F6BD3283C6}.Debug|x86.Build.0 = Debug|Any CPU
		{9A3CAD94-E025-4275-85FD-74F6BD3283C6}.Release|Any CPU.ActiveCfg = Release|Any CPU
		{9A3CAD94-E025-4275-85FD-74F6BD3283C6}.Release|Any CPU.Build.0 = Release|Any CPU
		{9A3CAD94-E025-4275-85FD-74F6BD3283C6}.Release|x64.ActiveCfg = Release|Any CPU
		{9A3CAD94-E025-4275-85FD-74F6BD3283C6}.Release|x64.Build.0 = Release|Any CPU
		{9A3CAD94-E025-4275-85FD-74F6BD3283C6}.Release|x86.ActiveCfg = Release|Any CPU
		{9A3CAD94-E025-4275-85FD-74F6BD3283C6}.Release|x86.Build.0 = Release|Any CPU
		{E1BAB56D-2B80-4DB5-8F80-924FB5DED668}.Debug|Any CPU.ActiveCfg = Debug|Any CPU
		{E1BAB56D-2B80-4DB5-8F80-924FB5DED668}.Debug|Any CPU.Build.0 = Debug|Any CPU
		{E1BAB56D-2B80-4DB5-8F80-924FB5DED668}.Debug|x64.ActiveCfg = Debug|Any CPU
		{E1BAB56D-2B80-4DB5-8F80-924FB5DED668}.Debug|x64.Build.0 = Debug|Any CPU
		{E1BAB56D-2B80-4DB5-8F80-924FB5DED668}.Debug|x86.ActiveCfg = Debug|Any CPU
		{E1BAB56D-2B80-4DB5-8F80-924FB5DED668}.Debug|x86.Build.0 = Debug|Any CPU
		{E1BAB56D-2B80-4DB5-8F80-924FB5DED668}.Release|Any CPU.ActiveCfg = Release|Any CPU
		{E1BAB56D-2B80-4DB5-8F80-924FB5DED668}.Release|Any CPU.Build.0 = Release|Any CPU
		{E1BAB56D-2B80-4DB5-8F80-924FB5DED668}.Release|x64.ActiveCfg = Release|Any CPU
		{E1BAB56D-2B80-4DB5-8F80-924FB5DED668}.Release|x64.Build.0 = Release|Any CPU
		{E1BAB56D-2B80-4DB5-8F80-924FB5DED668}.Release|x86.ActiveCfg = Release|Any CPU
		{E1BAB56D-2B80-4DB5-8F80-924FB5DED668}.Release|x86.Build.0 = Release|Any CPU
		{546D7A0E-C40D-4EAE-8A23-F841F178CFBD}.Debug|Any CPU.ActiveCfg = Debug|Any CPU
		{546D7A0E-C40D-4EAE-8A23-F841F178CFBD}.Debug|Any CPU.Build.0 = Debug|Any CPU
		{546D7A0E-C40D-4EAE-8A23-F841F178CFBD}.Debug|x64.ActiveCfg = Debug|Any CPU
		{546D7A0E-C40D-4EAE-8A23-F841F178CFBD}.Debug|x64.Build.0 = Debug|Any CPU
		{546D7A0E-C40D-4EAE-8A23-F841F178CFBD}.Debug|x86.ActiveCfg = Debug|Any CPU
		{546D7A0E-C40D-4EAE-8A23-F841F178CFBD}.Debug|x86.Build.0 = Debug|Any CPU
		{546D7A0E-C40D-4EAE-8A23-F841F178CFBD}.Release|Any CPU.ActiveCfg = Release|Any CPU
		{546D7A0E-C40D-4EAE-8A23-F841F178CFBD}.Release|Any CPU.Build.0 = Release|Any CPU
		{546D7A0E-C40D-4EAE-8A23-F841F178CFBD}.Release|x64.ActiveCfg = Release|Any CPU
		{546D7A0E-C40D-4EAE-8A23-F841F178CFBD}.Release|x64.Build.0 = Release|Any CPU
		{546D7A0E-C40D-4EAE-8A23-F841F178CFBD}.Release|x86.ActiveCfg = Release|Any CPU
		{546D7A0E-C40D-4EAE-8A23-F841F178CFBD}.Release|x86.Build.0 = Release|Any CPU
		{3E7FBB79-24B7-4957-850E-DA37A0DAA36C}.Debug|Any CPU.ActiveCfg = Debug|Any CPU
		{3E7FBB79-24B7-4957-850E-DA37A0DAA36C}.Debug|Any CPU.Build.0 = Debug|Any CPU
		{3E7FBB79-24B7-4957-850E-DA37A0DAA36C}.Debug|x64.ActiveCfg = Debug|Any CPU
		{3E7FBB79-24B7-4957-850E-DA37A0DAA36C}.Debug|x64.Build.0 = Debug|Any CPU
		{3E7FBB79-24B7-4957-850E-DA37A0DAA36C}.Debug|x86.ActiveCfg = Debug|Any CPU
		{3E7FBB79-24B7-4957-850E-DA37A0DAA36C}.Debug|x86.Build.0 = Debug|Any CPU
		{3E7FBB79-24B7-4957-850E-DA37A0DAA36C}.Release|Any CPU.ActiveCfg = Release|Any CPU
		{3E7FBB79-24B7-4957-850E-DA37A0DAA36C}.Release|Any CPU.Build.0 = Release|Any CPU
		{3E7FBB79-24B7-4957-850E-DA37A0DAA36C}.Release|x64.ActiveCfg = Release|Any CPU
		{3E7FBB79-24B7-4957-850E-DA37A0DAA36C}.Release|x64.Build.0 = Release|Any CPU
		{3E7FBB79-24B7-4957-850E-DA37A0DAA36C}.Release|x86.ActiveCfg = Release|Any CPU
		{3E7FBB79-24B7-4957-850E-DA37A0DAA36C}.Release|x86.Build.0 = Release|Any CPU
		{C43999C2-6F8D-4A19-AD63-9D2AA3116075}.Debug|Any CPU.ActiveCfg = Debug|Any CPU
		{C43999C2-6F8D-4A19-AD63-9D2AA3116075}.Debug|Any CPU.Build.0 = Debug|Any CPU
		{C43999C2-6F8D-4A19-AD63-9D2AA3116075}.Debug|x64.ActiveCfg = Debug|Any CPU
		{C43999C2-6F8D-4A19-AD63-9D2AA3116075}.Debug|x64.Build.0 = Debug|Any CPU
		{C43999C2-6F8D-4A19-AD63-9D2AA3116075}.Debug|x86.ActiveCfg = Debug|Any CPU
		{C43999C2-6F8D-4A19-AD63-9D2AA3116075}.Debug|x86.Build.0 = Debug|Any CPU
		{C43999C2-6F8D-4A19-AD63-9D2AA3116075}.Release|Any CPU.ActiveCfg = Release|Any CPU
		{C43999C2-6F8D-4A19-AD63-9D2AA3116075}.Release|Any CPU.Build.0 = Release|Any CPU
		{C43999C2-6F8D-4A19-AD63-9D2AA3116075}.Release|x64.ActiveCfg = Release|Any CPU
		{C43999C2-6F8D-4A19-AD63-9D2AA3116075}.Release|x64.Build.0 = Release|Any CPU
		{C43999C2-6F8D-4A19-AD63-9D2AA3116075}.Release|x86.ActiveCfg = Release|Any CPU
		{C43999C2-6F8D-4A19-AD63-9D2AA3116075}.Release|x86.Build.0 = Release|Any CPU
		{47BF30B2-F6CB-4DF5-AA1D-9038C293A4CA}.Debug|Any CPU.ActiveCfg = Debug|Any CPU
		{47BF30B2-F6CB-4DF5-AA1D-9038C293A4CA}.Debug|Any CPU.Build.0 = Debug|Any CPU
		{47BF30B2-F6CB-4DF5-AA1D-9038C293A4CA}.Debug|x64.ActiveCfg = Debug|Any CPU
		{47BF30B2-F6CB-4DF5-AA1D-9038C293A4CA}.Debug|x64.Build.0 = Debug|Any CPU
		{47BF30B2-F6CB-4DF5-AA1D-9038C293A4CA}.Debug|x86.ActiveCfg = Debug|Any CPU
		{47BF30B2-F6CB-4DF5-AA1D-9038C293A4CA}.Debug|x86.Build.0 = Debug|Any CPU
		{47BF30B2-F6CB-4DF5-AA1D-9038C293A4CA}.Release|Any CPU.ActiveCfg = Release|Any CPU
		{47BF30B2-F6CB-4DF5-AA1D-9038C293A4CA}.Release|Any CPU.Build.0 = Release|Any CPU
		{47BF30B2-F6CB-4DF5-AA1D-9038C293A4CA}.Release|x64.ActiveCfg = Release|Any CPU
		{47BF30B2-F6CB-4DF5-AA1D-9038C293A4CA}.Release|x64.Build.0 = Release|Any CPU
		{47BF30B2-F6CB-4DF5-AA1D-9038C293A4CA}.Release|x86.ActiveCfg = Release|Any CPU
		{47BF30B2-F6CB-4DF5-AA1D-9038C293A4CA}.Release|x86.Build.0 = Release|Any CPU
		{49715E3C-D732-4385-8206-3B14B7C5E975}.Debug|Any CPU.ActiveCfg = Debug|Any CPU
		{49715E3C-D732-4385-8206-3B14B7C5E975}.Debug|Any CPU.Build.0 = Debug|Any CPU
		{49715E3C-D732-4385-8206-3B14B7C5E975}.Debug|x64.ActiveCfg = Debug|Any CPU
		{49715E3C-D732-4385-8206-3B14B7C5E975}.Debug|x64.Build.0 = Debug|Any CPU
		{49715E3C-D732-4385-8206-3B14B7C5E975}.Debug|x86.ActiveCfg = Debug|Any CPU
		{49715E3C-D732-4385-8206-3B14B7C5E975}.Debug|x86.Build.0 = Debug|Any CPU
		{49715E3C-D732-4385-8206-3B14B7C5E975}.Release|Any CPU.ActiveCfg = Release|Any CPU
		{49715E3C-D732-4385-8206-3B14B7C5E975}.Release|Any CPU.Build.0 = Release|Any CPU
		{49715E3C-D732-4385-8206-3B14B7C5E975}.Release|x64.ActiveCfg = Release|Any CPU
		{49715E3C-D732-4385-8206-3B14B7C5E975}.Release|x64.Build.0 = Release|Any CPU
		{49715E3C-D732-4385-8206-3B14B7C5E975}.Release|x86.ActiveCfg = Release|Any CPU
		{49715E3C-D732-4385-8206-3B14B7C5E975}.Release|x86.Build.0 = Release|Any CPU
		{3635198C-DE27-4FAB-AA02-3CED6D7007DD}.Debug|Any CPU.ActiveCfg = Debug|Any CPU
		{3635198C-DE27-4FAB-AA02-3CED6D7007DD}.Debug|Any CPU.Build.0 = Debug|Any CPU
		{3635198C-DE27-4FAB-AA02-3CED6D7007DD}.Debug|x64.ActiveCfg = Debug|Any CPU
		{3635198C-DE27-4FAB-AA02-3CED6D7007DD}.Debug|x64.Build.0 = Debug|Any CPU
		{3635198C-DE27-4FAB-AA02-3CED6D7007DD}.Debug|x86.ActiveCfg = Debug|Any CPU
		{3635198C-DE27-4FAB-AA02-3CED6D7007DD}.Debug|x86.Build.0 = Debug|Any CPU
		{3635198C-DE27-4FAB-AA02-3CED6D7007DD}.Release|Any CPU.ActiveCfg = Release|Any CPU
		{3635198C-DE27-4FAB-AA02-3CED6D7007DD}.Release|Any CPU.Build.0 = Release|Any CPU
		{3635198C-DE27-4FAB-AA02-3CED6D7007DD}.Release|x64.ActiveCfg = Release|Any CPU
		{3635198C-DE27-4FAB-AA02-3CED6D7007DD}.Release|x64.Build.0 = Release|Any CPU
		{3635198C-DE27-4FAB-AA02-3CED6D7007DD}.Release|x86.ActiveCfg = Release|Any CPU
		{3635198C-DE27-4FAB-AA02-3CED6D7007DD}.Release|x86.Build.0 = Release|Any CPU
		{3ADF96D1-9A2C-4229-A64C-37DA45339A43}.Debug|Any CPU.ActiveCfg = Debug|Any CPU
		{3ADF96D1-9A2C-4229-A64C-37DA45339A43}.Debug|Any CPU.Build.0 = Debug|Any CPU
		{3ADF96D1-9A2C-4229-A64C-37DA45339A43}.Debug|x64.ActiveCfg = Debug|Any CPU
		{3ADF96D1-9A2C-4229-A64C-37DA45339A43}.Debug|x64.Build.0 = Debug|Any CPU
		{3ADF96D1-9A2C-4229-A64C-37DA45339A43}.Debug|x86.ActiveCfg = Debug|Any CPU
		{3ADF96D1-9A2C-4229-A64C-37DA45339A43}.Debug|x86.Build.0 = Debug|Any CPU
		{3ADF96D1-9A2C-4229-A64C-37DA45339A43}.Release|Any CPU.ActiveCfg = Release|Any CPU
		{3ADF96D1-9A2C-4229-A64C-37DA45339A43}.Release|Any CPU.Build.0 = Release|Any CPU
		{3ADF96D1-9A2C-4229-A64C-37DA45339A43}.Release|x64.ActiveCfg = Release|Any CPU
		{3ADF96D1-9A2C-4229-A64C-37DA45339A43}.Release|x64.Build.0 = Release|Any CPU
		{3ADF96D1-9A2C-4229-A64C-37DA45339A43}.Release|x86.ActiveCfg = Release|Any CPU
		{3ADF96D1-9A2C-4229-A64C-37DA45339A43}.Release|x86.Build.0 = Release|Any CPU
		{8C9E8CD8-37B5-4DB0-AE36-997D0836BDAC}.Debug|Any CPU.ActiveCfg = Debug|Any CPU
		{8C9E8CD8-37B5-4DB0-AE36-997D0836BDAC}.Debug|Any CPU.Build.0 = Debug|Any CPU
		{8C9E8CD8-37B5-4DB0-AE36-997D0836BDAC}.Debug|x64.ActiveCfg = Debug|Any CPU
		{8C9E8CD8-37B5-4DB0-AE36-997D0836BDAC}.Debug|x64.Build.0 = Debug|Any CPU
		{8C9E8CD8-37B5-4DB0-AE36-997D0836BDAC}.Debug|x86.ActiveCfg = Debug|Any CPU
		{8C9E8CD8-37B5-4DB0-AE36-997D0836BDAC}.Debug|x86.Build.0 = Debug|Any CPU
		{8C9E8CD8-37B5-4DB0-AE36-997D0836BDAC}.Release|Any CPU.ActiveCfg = Release|Any CPU
		{8C9E8CD8-37B5-4DB0-AE36-997D0836BDAC}.Release|Any CPU.Build.0 = Release|Any CPU
		{8C9E8CD8-37B5-4DB0-AE36-997D0836BDAC}.Release|x64.ActiveCfg = Release|Any CPU
		{8C9E8CD8-37B5-4DB0-AE36-997D0836BDAC}.Release|x64.Build.0 = Release|Any CPU
		{8C9E8CD8-37B5-4DB0-AE36-997D0836BDAC}.Release|x86.ActiveCfg = Release|Any CPU
		{8C9E8CD8-37B5-4DB0-AE36-997D0836BDAC}.Release|x86.Build.0 = Release|Any CPU
		{0A1E8DEC-2C9D-41A5-BD54-9EB30735C7BA}.Debug|Any CPU.ActiveCfg = Debug|Any CPU
		{0A1E8DEC-2C9D-41A5-BD54-9EB30735C7BA}.Debug|Any CPU.Build.0 = Debug|Any CPU
		{0A1E8DEC-2C9D-41A5-BD54-9EB30735C7BA}.Debug|x64.ActiveCfg = Debug|Any CPU
		{0A1E8DEC-2C9D-41A5-BD54-9EB30735C7BA}.Debug|x64.Build.0 = Debug|Any CPU
		{0A1E8DEC-2C9D-41A5-BD54-9EB30735C7BA}.Debug|x86.ActiveCfg = Debug|Any CPU
		{0A1E8DEC-2C9D-41A5-BD54-9EB30735C7BA}.Debug|x86.Build.0 = Debug|Any CPU
		{0A1E8DEC-2C9D-41A5-BD54-9EB30735C7BA}.Release|Any CPU.ActiveCfg = Release|Any CPU
		{0A1E8DEC-2C9D-41A5-BD54-9EB30735C7BA}.Release|Any CPU.Build.0 = Release|Any CPU
		{0A1E8DEC-2C9D-41A5-BD54-9EB30735C7BA}.Release|x64.ActiveCfg = Release|Any CPU
		{0A1E8DEC-2C9D-41A5-BD54-9EB30735C7BA}.Release|x64.Build.0 = Release|Any CPU
		{0A1E8DEC-2C9D-41A5-BD54-9EB30735C7BA}.Release|x86.ActiveCfg = Release|Any CPU
		{0A1E8DEC-2C9D-41A5-BD54-9EB30735C7BA}.Release|x86.Build.0 = Release|Any CPU
		{98209942-A4EC-4D1A-A5F8-4898227BBF21}.Debug|Any CPU.ActiveCfg = Debug|Any CPU
		{98209942-A4EC-4D1A-A5F8-4898227BBF21}.Debug|Any CPU.Build.0 = Debug|Any CPU
		{98209942-A4EC-4D1A-A5F8-4898227BBF21}.Debug|x64.ActiveCfg = Debug|Any CPU
		{98209942-A4EC-4D1A-A5F8-4898227BBF21}.Debug|x64.Build.0 = Debug|Any CPU
		{98209942-A4EC-4D1A-A5F8-4898227BBF21}.Debug|x86.ActiveCfg = Debug|Any CPU
		{98209942-A4EC-4D1A-A5F8-4898227BBF21}.Debug|x86.Build.0 = Debug|Any CPU
		{98209942-A4EC-4D1A-A5F8-4898227BBF21}.Release|Any CPU.ActiveCfg = Release|Any CPU
		{98209942-A4EC-4D1A-A5F8-4898227BBF21}.Release|Any CPU.Build.0 = Release|Any CPU
		{98209942-A4EC-4D1A-A5F8-4898227BBF21}.Release|x64.ActiveCfg = Release|Any CPU
		{98209942-A4EC-4D1A-A5F8-4898227BBF21}.Release|x64.Build.0 = Release|Any CPU
		{98209942-A4EC-4D1A-A5F8-4898227BBF21}.Release|x86.ActiveCfg = Release|Any CPU
		{98209942-A4EC-4D1A-A5F8-4898227BBF21}.Release|x86.Build.0 = Release|Any CPU
		{6C1EBB34-E48B-4C53-B199-F5F86B6A7027}.Debug|Any CPU.ActiveCfg = Debug|Any CPU
		{6C1EBB34-E48B-4C53-B199-F5F86B6A7027}.Debug|Any CPU.Build.0 = Debug|Any CPU
		{6C1EBB34-E48B-4C53-B199-F5F86B6A7027}.Debug|x64.ActiveCfg = Debug|Any CPU
		{6C1EBB34-E48B-4C53-B199-F5F86B6A7027}.Debug|x64.Build.0 = Debug|Any CPU
		{6C1EBB34-E48B-4C53-B199-F5F86B6A7027}.Debug|x86.ActiveCfg = Debug|Any CPU
		{6C1EBB34-E48B-4C53-B199-F5F86B6A7027}.Debug|x86.Build.0 = Debug|Any CPU
		{6C1EBB34-E48B-4C53-B199-F5F86B6A7027}.Release|Any CPU.ActiveCfg = Release|Any CPU
		{6C1EBB34-E48B-4C53-B199-F5F86B6A7027}.Release|Any CPU.Build.0 = Release|Any CPU
		{6C1EBB34-E48B-4C53-B199-F5F86B6A7027}.Release|x64.ActiveCfg = Release|Any CPU
		{6C1EBB34-E48B-4C53-B199-F5F86B6A7027}.Release|x64.Build.0 = Release|Any CPU
		{6C1EBB34-E48B-4C53-B199-F5F86B6A7027}.Release|x86.ActiveCfg = Release|Any CPU
		{6C1EBB34-E48B-4C53-B199-F5F86B6A7027}.Release|x86.Build.0 = Release|Any CPU
		{7565045D-32A1-4D79-82A1-54714B782B46}.Debug|Any CPU.ActiveCfg = Debug|Any CPU
		{7565045D-32A1-4D79-82A1-54714B782B46}.Debug|Any CPU.Build.0 = Debug|Any CPU
		{7565045D-32A1-4D79-82A1-54714B782B46}.Debug|x64.ActiveCfg = Debug|Any CPU
		{7565045D-32A1-4D79-82A1-54714B782B46}.Debug|x64.Build.0 = Debug|Any CPU
		{7565045D-32A1-4D79-82A1-54714B782B46}.Debug|x86.ActiveCfg = Debug|Any CPU
		{7565045D-32A1-4D79-82A1-54714B782B46}.Debug|x86.Build.0 = Debug|Any CPU
		{7565045D-32A1-4D79-82A1-54714B782B46}.Release|Any CPU.ActiveCfg = Release|Any CPU
		{7565045D-32A1-4D79-82A1-54714B782B46}.Release|Any CPU.Build.0 = Release|Any CPU
		{7565045D-32A1-4D79-82A1-54714B782B46}.Release|x64.ActiveCfg = Release|Any CPU
		{7565045D-32A1-4D79-82A1-54714B782B46}.Release|x64.Build.0 = Release|Any CPU
		{7565045D-32A1-4D79-82A1-54714B782B46}.Release|x86.ActiveCfg = Release|Any CPU
		{7565045D-32A1-4D79-82A1-54714B782B46}.Release|x86.Build.0 = Release|Any CPU
		{1853B1B3-119B-46B7-9BCE-FEB786E550A8}.Debug|Any CPU.ActiveCfg = Debug|Any CPU
		{1853B1B3-119B-46B7-9BCE-FEB786E550A8}.Debug|Any CPU.Build.0 = Debug|Any CPU
		{1853B1B3-119B-46B7-9BCE-FEB786E550A8}.Debug|x64.ActiveCfg = Debug|Any CPU
		{1853B1B3-119B-46B7-9BCE-FEB786E550A8}.Debug|x64.Build.0 = Debug|Any CPU
		{1853B1B3-119B-46B7-9BCE-FEB786E550A8}.Debug|x86.ActiveCfg = Debug|Any CPU
		{1853B1B3-119B-46B7-9BCE-FEB786E550A8}.Debug|x86.Build.0 = Debug|Any CPU
		{1853B1B3-119B-46B7-9BCE-FEB786E550A8}.Release|Any CPU.ActiveCfg = Release|Any CPU
		{1853B1B3-119B-46B7-9BCE-FEB786E550A8}.Release|Any CPU.Build.0 = Release|Any CPU
		{1853B1B3-119B-46B7-9BCE-FEB786E550A8}.Release|x64.ActiveCfg = Release|Any CPU
		{1853B1B3-119B-46B7-9BCE-FEB786E550A8}.Release|x64.Build.0 = Release|Any CPU
		{1853B1B3-119B-46B7-9BCE-FEB786E550A8}.Release|x86.ActiveCfg = Release|Any CPU
		{1853B1B3-119B-46B7-9BCE-FEB786E550A8}.Release|x86.Build.0 = Release|Any CPU
		{ECDA7ABD-A927-4EA2-B28B-19047D552C2C}.Debug|Any CPU.ActiveCfg = Debug|Any CPU
		{ECDA7ABD-A927-4EA2-B28B-19047D552C2C}.Debug|Any CPU.Build.0 = Debug|Any CPU
		{ECDA7ABD-A927-4EA2-B28B-19047D552C2C}.Debug|x64.ActiveCfg = Debug|Any CPU
		{ECDA7ABD-A927-4EA2-B28B-19047D552C2C}.Debug|x64.Build.0 = Debug|Any CPU
		{ECDA7ABD-A927-4EA2-B28B-19047D552C2C}.Debug|x86.ActiveCfg = Debug|Any CPU
		{ECDA7ABD-A927-4EA2-B28B-19047D552C2C}.Debug|x86.Build.0 = Debug|Any CPU
		{ECDA7ABD-A927-4EA2-B28B-19047D552C2C}.Release|Any CPU.ActiveCfg = Release|Any CPU
		{ECDA7ABD-A927-4EA2-B28B-19047D552C2C}.Release|Any CPU.Build.0 = Release|Any CPU
		{ECDA7ABD-A927-4EA2-B28B-19047D552C2C}.Release|x64.ActiveCfg = Release|Any CPU
		{ECDA7ABD-A927-4EA2-B28B-19047D552C2C}.Release|x64.Build.0 = Release|Any CPU
		{ECDA7ABD-A927-4EA2-B28B-19047D552C2C}.Release|x86.ActiveCfg = Release|Any CPU
		{ECDA7ABD-A927-4EA2-B28B-19047D552C2C}.Release|x86.Build.0 = Release|Any CPU
		{5018ECD3-28B1-4AF1-BB2A-D4DD6FA62C1A}.Debug|Any CPU.ActiveCfg = Debug|Any CPU
		{5018ECD3-28B1-4AF1-BB2A-D4DD6FA62C1A}.Debug|Any CPU.Build.0 = Debug|Any CPU
		{5018ECD3-28B1-4AF1-BB2A-D4DD6FA62C1A}.Debug|x64.ActiveCfg = Debug|Any CPU
		{5018ECD3-28B1-4AF1-BB2A-D4DD6FA62C1A}.Debug|x64.Build.0 = Debug|Any CPU
		{5018ECD3-28B1-4AF1-BB2A-D4DD6FA62C1A}.Debug|x86.ActiveCfg = Debug|Any CPU
		{5018ECD3-28B1-4AF1-BB2A-D4DD6FA62C1A}.Debug|x86.Build.0 = Debug|Any CPU
		{5018ECD3-28B1-4AF1-BB2A-D4DD6FA62C1A}.Release|Any CPU.ActiveCfg = Release|Any CPU
		{5018ECD3-28B1-4AF1-BB2A-D4DD6FA62C1A}.Release|Any CPU.Build.0 = Release|Any CPU
		{5018ECD3-28B1-4AF1-BB2A-D4DD6FA62C1A}.Release|x64.ActiveCfg = Release|Any CPU
		{5018ECD3-28B1-4AF1-BB2A-D4DD6FA62C1A}.Release|x64.Build.0 = Release|Any CPU
		{5018ECD3-28B1-4AF1-BB2A-D4DD6FA62C1A}.Release|x86.ActiveCfg = Release|Any CPU
		{5018ECD3-28B1-4AF1-BB2A-D4DD6FA62C1A}.Release|x86.Build.0 = Release|Any CPU
		{7F252D0C-8079-4A21-A3BE-81372BA94158}.Debug|Any CPU.ActiveCfg = Debug|Any CPU
		{7F252D0C-8079-4A21-A3BE-81372BA94158}.Debug|Any CPU.Build.0 = Debug|Any CPU
		{7F252D0C-8079-4A21-A3BE-81372BA94158}.Debug|x64.ActiveCfg = Debug|Any CPU
		{7F252D0C-8079-4A21-A3BE-81372BA94158}.Debug|x64.Build.0 = Debug|Any CPU
		{7F252D0C-8079-4A21-A3BE-81372BA94158}.Debug|x86.ActiveCfg = Debug|Any CPU
		{7F252D0C-8079-4A21-A3BE-81372BA94158}.Debug|x86.Build.0 = Debug|Any CPU
		{7F252D0C-8079-4A21-A3BE-81372BA94158}.Release|Any CPU.ActiveCfg = Release|Any CPU
		{7F252D0C-8079-4A21-A3BE-81372BA94158}.Release|Any CPU.Build.0 = Release|Any CPU
		{7F252D0C-8079-4A21-A3BE-81372BA94158}.Release|x64.ActiveCfg = Release|Any CPU
		{7F252D0C-8079-4A21-A3BE-81372BA94158}.Release|x64.Build.0 = Release|Any CPU
		{7F252D0C-8079-4A21-A3BE-81372BA94158}.Release|x86.ActiveCfg = Release|Any CPU
		{7F252D0C-8079-4A21-A3BE-81372BA94158}.Release|x86.Build.0 = Release|Any CPU
		{6A504595-D8D0-4919-B601-7D2DA7CD91FD}.Debug|Any CPU.ActiveCfg = Debug|Any CPU
		{6A504595-D8D0-4919-B601-7D2DA7CD91FD}.Debug|Any CPU.Build.0 = Debug|Any CPU
		{6A504595-D8D0-4919-B601-7D2DA7CD91FD}.Debug|x64.ActiveCfg = Debug|Any CPU
		{6A504595-D8D0-4919-B601-7D2DA7CD91FD}.Debug|x64.Build.0 = Debug|Any CPU
		{6A504595-D8D0-4919-B601-7D2DA7CD91FD}.Debug|x86.ActiveCfg = Debug|Any CPU
		{6A504595-D8D0-4919-B601-7D2DA7CD91FD}.Debug|x86.Build.0 = Debug|Any CPU
		{6A504595-D8D0-4919-B601-7D2DA7CD91FD}.Release|Any CPU.ActiveCfg = Release|Any CPU
		{6A504595-D8D0-4919-B601-7D2DA7CD91FD}.Release|Any CPU.Build.0 = Release|Any CPU
		{6A504595-D8D0-4919-B601-7D2DA7CD91FD}.Release|x64.ActiveCfg = Release|Any CPU
		{6A504595-D8D0-4919-B601-7D2DA7CD91FD}.Release|x64.Build.0 = Release|Any CPU
		{6A504595-D8D0-4919-B601-7D2DA7CD91FD}.Release|x86.ActiveCfg = Release|Any CPU
		{6A504595-D8D0-4919-B601-7D2DA7CD91FD}.Release|x86.Build.0 = Release|Any CPU
		{AD507A44-970A-4DC2-8791-685FB6B67282}.Debug|Any CPU.ActiveCfg = Debug|Any CPU
		{AD507A44-970A-4DC2-8791-685FB6B67282}.Debug|Any CPU.Build.0 = Debug|Any CPU
		{AD507A44-970A-4DC2-8791-685FB6B67282}.Debug|x64.ActiveCfg = Debug|Any CPU
		{AD507A44-970A-4DC2-8791-685FB6B67282}.Debug|x64.Build.0 = Debug|Any CPU
		{AD507A44-970A-4DC2-8791-685FB6B67282}.Debug|x86.ActiveCfg = Debug|Any CPU
		{AD507A44-970A-4DC2-8791-685FB6B67282}.Debug|x86.Build.0 = Debug|Any CPU
		{AD507A44-970A-4DC2-8791-685FB6B67282}.Release|Any CPU.ActiveCfg = Release|Any CPU
		{AD507A44-970A-4DC2-8791-685FB6B67282}.Release|Any CPU.Build.0 = Release|Any CPU
		{AD507A44-970A-4DC2-8791-685FB6B67282}.Release|x64.ActiveCfg = Release|Any CPU
		{AD507A44-970A-4DC2-8791-685FB6B67282}.Release|x64.Build.0 = Release|Any CPU
		{AD507A44-970A-4DC2-8791-685FB6B67282}.Release|x86.ActiveCfg = Release|Any CPU
		{AD507A44-970A-4DC2-8791-685FB6B67282}.Release|x86.Build.0 = Release|Any CPU
		{5AA1949C-2CFB-4139-A5B9-10A8B2CBA637}.Debug|Any CPU.ActiveCfg = Debug|Any CPU
		{5AA1949C-2CFB-4139-A5B9-10A8B2CBA637}.Debug|Any CPU.Build.0 = Debug|Any CPU
		{5AA1949C-2CFB-4139-A5B9-10A8B2CBA637}.Debug|x64.ActiveCfg = Debug|Any CPU
		{5AA1949C-2CFB-4139-A5B9-10A8B2CBA637}.Debug|x64.Build.0 = Debug|Any CPU
		{5AA1949C-2CFB-4139-A5B9-10A8B2CBA637}.Debug|x86.ActiveCfg = Debug|Any CPU
		{5AA1949C-2CFB-4139-A5B9-10A8B2CBA637}.Debug|x86.Build.0 = Debug|Any CPU
		{5AA1949C-2CFB-4139-A5B9-10A8B2CBA637}.Release|Any CPU.ActiveCfg = Release|Any CPU
		{5AA1949C-2CFB-4139-A5B9-10A8B2CBA637}.Release|Any CPU.Build.0 = Release|Any CPU
		{5AA1949C-2CFB-4139-A5B9-10A8B2CBA637}.Release|x64.ActiveCfg = Release|Any CPU
		{5AA1949C-2CFB-4139-A5B9-10A8B2CBA637}.Release|x64.Build.0 = Release|Any CPU
		{5AA1949C-2CFB-4139-A5B9-10A8B2CBA637}.Release|x86.ActiveCfg = Release|Any CPU
		{5AA1949C-2CFB-4139-A5B9-10A8B2CBA637}.Release|x86.Build.0 = Release|Any CPU
		{D9C2718D-0761-4311-8438-94B458F6FB8B}.Debug|Any CPU.ActiveCfg = Debug|Any CPU
		{D9C2718D-0761-4311-8438-94B458F6FB8B}.Debug|Any CPU.Build.0 = Debug|Any CPU
		{D9C2718D-0761-4311-8438-94B458F6FB8B}.Debug|x64.ActiveCfg = Debug|Any CPU
		{D9C2718D-0761-4311-8438-94B458F6FB8B}.Debug|x64.Build.0 = Debug|Any CPU
		{D9C2718D-0761-4311-8438-94B458F6FB8B}.Debug|x86.ActiveCfg = Debug|Any CPU
		{D9C2718D-0761-4311-8438-94B458F6FB8B}.Debug|x86.Build.0 = Debug|Any CPU
		{D9C2718D-0761-4311-8438-94B458F6FB8B}.Release|Any CPU.ActiveCfg = Release|Any CPU
		{D9C2718D-0761-4311-8438-94B458F6FB8B}.Release|Any CPU.Build.0 = Release|Any CPU
		{D9C2718D-0761-4311-8438-94B458F6FB8B}.Release|x64.ActiveCfg = Release|Any CPU
		{D9C2718D-0761-4311-8438-94B458F6FB8B}.Release|x64.Build.0 = Release|Any CPU
		{D9C2718D-0761-4311-8438-94B458F6FB8B}.Release|x86.ActiveCfg = Release|Any CPU
		{D9C2718D-0761-4311-8438-94B458F6FB8B}.Release|x86.Build.0 = Release|Any CPU
		{1683850C-B210-4C93-9BDB-7AAB24332E55}.Debug|Any CPU.ActiveCfg = Debug|Any CPU
		{1683850C-B210-4C93-9BDB-7AAB24332E55}.Debug|Any CPU.Build.0 = Debug|Any CPU
		{1683850C-B210-4C93-9BDB-7AAB24332E55}.Debug|x64.ActiveCfg = Debug|Any CPU
		{1683850C-B210-4C93-9BDB-7AAB24332E55}.Debug|x64.Build.0 = Debug|Any CPU
		{1683850C-B210-4C93-9BDB-7AAB24332E55}.Debug|x86.ActiveCfg = Debug|Any CPU
		{1683850C-B210-4C93-9BDB-7AAB24332E55}.Debug|x86.Build.0 = Debug|Any CPU
		{1683850C-B210-4C93-9BDB-7AAB24332E55}.Release|Any CPU.ActiveCfg = Release|Any CPU
		{1683850C-B210-4C93-9BDB-7AAB24332E55}.Release|Any CPU.Build.0 = Release|Any CPU
		{1683850C-B210-4C93-9BDB-7AAB24332E55}.Release|x64.ActiveCfg = Release|Any CPU
		{1683850C-B210-4C93-9BDB-7AAB24332E55}.Release|x64.Build.0 = Release|Any CPU
		{1683850C-B210-4C93-9BDB-7AAB24332E55}.Release|x86.ActiveCfg = Release|Any CPU
		{1683850C-B210-4C93-9BDB-7AAB24332E55}.Release|x86.Build.0 = Release|Any CPU
		{E2010911-80AA-428B-ABF9-9013307CD4F1}.Debug|Any CPU.ActiveCfg = Debug|Any CPU
		{E2010911-80AA-428B-ABF9-9013307CD4F1}.Debug|Any CPU.Build.0 = Debug|Any CPU
		{E2010911-80AA-428B-ABF9-9013307CD4F1}.Debug|x64.ActiveCfg = Debug|Any CPU
		{E2010911-80AA-428B-ABF9-9013307CD4F1}.Debug|x64.Build.0 = Debug|Any CPU
		{E2010911-80AA-428B-ABF9-9013307CD4F1}.Debug|x86.ActiveCfg = Debug|Any CPU
		{E2010911-80AA-428B-ABF9-9013307CD4F1}.Debug|x86.Build.0 = Debug|Any CPU
		{E2010911-80AA-428B-ABF9-9013307CD4F1}.Release|Any CPU.ActiveCfg = Release|Any CPU
		{E2010911-80AA-428B-ABF9-9013307CD4F1}.Release|Any CPU.Build.0 = Release|Any CPU
		{E2010911-80AA-428B-ABF9-9013307CD4F1}.Release|x64.ActiveCfg = Release|Any CPU
		{E2010911-80AA-428B-ABF9-9013307CD4F1}.Release|x64.Build.0 = Release|Any CPU
		{E2010911-80AA-428B-ABF9-9013307CD4F1}.Release|x86.ActiveCfg = Release|Any CPU
		{E2010911-80AA-428B-ABF9-9013307CD4F1}.Release|x86.Build.0 = Release|Any CPU
		{6208DA20-025E-43D1-BD95-0144FCEDC7FC}.Debug|Any CPU.ActiveCfg = Debug|Any CPU
		{6208DA20-025E-43D1-BD95-0144FCEDC7FC}.Debug|Any CPU.Build.0 = Debug|Any CPU
		{6208DA20-025E-43D1-BD95-0144FCEDC7FC}.Debug|x64.ActiveCfg = Debug|Any CPU
		{6208DA20-025E-43D1-BD95-0144FCEDC7FC}.Debug|x64.Build.0 = Debug|Any CPU
		{6208DA20-025E-43D1-BD95-0144FCEDC7FC}.Debug|x86.ActiveCfg = Debug|Any CPU
		{6208DA20-025E-43D1-BD95-0144FCEDC7FC}.Debug|x86.Build.0 = Debug|Any CPU
		{6208DA20-025E-43D1-BD95-0144FCEDC7FC}.Release|Any CPU.ActiveCfg = Release|Any CPU
		{6208DA20-025E-43D1-BD95-0144FCEDC7FC}.Release|Any CPU.Build.0 = Release|Any CPU
		{6208DA20-025E-43D1-BD95-0144FCEDC7FC}.Release|x64.ActiveCfg = Release|Any CPU
		{6208DA20-025E-43D1-BD95-0144FCEDC7FC}.Release|x64.Build.0 = Release|Any CPU
		{6208DA20-025E-43D1-BD95-0144FCEDC7FC}.Release|x86.ActiveCfg = Release|Any CPU
		{6208DA20-025E-43D1-BD95-0144FCEDC7FC}.Release|x86.Build.0 = Release|Any CPU
		{F965D471-18D5-4A2E-ACBB-2E49773CFCFA}.Debug|Any CPU.ActiveCfg = Debug|Any CPU
		{F965D471-18D5-4A2E-ACBB-2E49773CFCFA}.Debug|Any CPU.Build.0 = Debug|Any CPU
		{F965D471-18D5-4A2E-ACBB-2E49773CFCFA}.Debug|x64.ActiveCfg = Debug|Any CPU
		{F965D471-18D5-4A2E-ACBB-2E49773CFCFA}.Debug|x64.Build.0 = Debug|Any CPU
		{F965D471-18D5-4A2E-ACBB-2E49773CFCFA}.Debug|x86.ActiveCfg = Debug|Any CPU
		{F965D471-18D5-4A2E-ACBB-2E49773CFCFA}.Debug|x86.Build.0 = Debug|Any CPU
		{F965D471-18D5-4A2E-ACBB-2E49773CFCFA}.Release|Any CPU.ActiveCfg = Release|Any CPU
		{F965D471-18D5-4A2E-ACBB-2E49773CFCFA}.Release|Any CPU.Build.0 = Release|Any CPU
		{F965D471-18D5-4A2E-ACBB-2E49773CFCFA}.Release|x64.ActiveCfg = Release|Any CPU
		{F965D471-18D5-4A2E-ACBB-2E49773CFCFA}.Release|x64.Build.0 = Release|Any CPU
		{F965D471-18D5-4A2E-ACBB-2E49773CFCFA}.Release|x86.ActiveCfg = Release|Any CPU
		{F965D471-18D5-4A2E-ACBB-2E49773CFCFA}.Release|x86.Build.0 = Release|Any CPU
		{F7729575-546E-4B74-8E27-FDDA3C76A120}.Debug|Any CPU.ActiveCfg = Debug|Any CPU
		{F7729575-546E-4B74-8E27-FDDA3C76A120}.Debug|Any CPU.Build.0 = Debug|Any CPU
		{F7729575-546E-4B74-8E27-FDDA3C76A120}.Debug|x64.ActiveCfg = Debug|Any CPU
		{F7729575-546E-4B74-8E27-FDDA3C76A120}.Debug|x64.Build.0 = Debug|Any CPU
		{F7729575-546E-4B74-8E27-FDDA3C76A120}.Debug|x86.ActiveCfg = Debug|Any CPU
		{F7729575-546E-4B74-8E27-FDDA3C76A120}.Debug|x86.Build.0 = Debug|Any CPU
		{F7729575-546E-4B74-8E27-FDDA3C76A120}.Release|Any CPU.ActiveCfg = Release|Any CPU
		{F7729575-546E-4B74-8E27-FDDA3C76A120}.Release|Any CPU.Build.0 = Release|Any CPU
		{F7729575-546E-4B74-8E27-FDDA3C76A120}.Release|x64.ActiveCfg = Release|Any CPU
		{F7729575-546E-4B74-8E27-FDDA3C76A120}.Release|x64.Build.0 = Release|Any CPU
		{F7729575-546E-4B74-8E27-FDDA3C76A120}.Release|x86.ActiveCfg = Release|Any CPU
		{F7729575-546E-4B74-8E27-FDDA3C76A120}.Release|x86.Build.0 = Release|Any CPU
		{D0ABE299-3B45-462C-A240-D5381D0DB80C}.Debug|Any CPU.ActiveCfg = Debug|Any CPU
		{D0ABE299-3B45-462C-A240-D5381D0DB80C}.Debug|Any CPU.Build.0 = Debug|Any CPU
		{D0ABE299-3B45-462C-A240-D5381D0DB80C}.Debug|x64.ActiveCfg = Debug|Any CPU
		{D0ABE299-3B45-462C-A240-D5381D0DB80C}.Debug|x64.Build.0 = Debug|Any CPU
		{D0ABE299-3B45-462C-A240-D5381D0DB80C}.Debug|x86.ActiveCfg = Debug|Any CPU
		{D0ABE299-3B45-462C-A240-D5381D0DB80C}.Debug|x86.Build.0 = Debug|Any CPU
		{D0ABE299-3B45-462C-A240-D5381D0DB80C}.Release|Any CPU.ActiveCfg = Release|Any CPU
		{D0ABE299-3B45-462C-A240-D5381D0DB80C}.Release|Any CPU.Build.0 = Release|Any CPU
		{D0ABE299-3B45-462C-A240-D5381D0DB80C}.Release|x64.ActiveCfg = Release|Any CPU
		{D0ABE299-3B45-462C-A240-D5381D0DB80C}.Release|x64.Build.0 = Release|Any CPU
		{D0ABE299-3B45-462C-A240-D5381D0DB80C}.Release|x86.ActiveCfg = Release|Any CPU
		{D0ABE299-3B45-462C-A240-D5381D0DB80C}.Release|x86.Build.0 = Release|Any CPU
		{FA04C685-5ECA-4A64-977C-F3C27F110B65}.Debug|Any CPU.ActiveCfg = Debug|Any CPU
		{FA04C685-5ECA-4A64-977C-F3C27F110B65}.Debug|Any CPU.Build.0 = Debug|Any CPU
		{FA04C685-5ECA-4A64-977C-F3C27F110B65}.Debug|x64.ActiveCfg = Debug|Any CPU
		{FA04C685-5ECA-4A64-977C-F3C27F110B65}.Debug|x64.Build.0 = Debug|Any CPU
		{FA04C685-5ECA-4A64-977C-F3C27F110B65}.Debug|x86.ActiveCfg = Debug|Any CPU
		{FA04C685-5ECA-4A64-977C-F3C27F110B65}.Debug|x86.Build.0 = Debug|Any CPU
		{FA04C685-5ECA-4A64-977C-F3C27F110B65}.Release|Any CPU.ActiveCfg = Release|Any CPU
		{FA04C685-5ECA-4A64-977C-F3C27F110B65}.Release|Any CPU.Build.0 = Release|Any CPU
		{FA04C685-5ECA-4A64-977C-F3C27F110B65}.Release|x64.ActiveCfg = Release|Any CPU
		{FA04C685-5ECA-4A64-977C-F3C27F110B65}.Release|x64.Build.0 = Release|Any CPU
		{FA04C685-5ECA-4A64-977C-F3C27F110B65}.Release|x86.ActiveCfg = Release|Any CPU
		{FA04C685-5ECA-4A64-977C-F3C27F110B65}.Release|x86.Build.0 = Release|Any CPU
		{2809629E-E58B-418C-8525-FC65EBD9AE64}.Debug|Any CPU.ActiveCfg = Debug|Any CPU
		{2809629E-E58B-418C-8525-FC65EBD9AE64}.Debug|Any CPU.Build.0 = Debug|Any CPU
		{2809629E-E58B-418C-8525-FC65EBD9AE64}.Debug|x64.ActiveCfg = Debug|Any CPU
		{2809629E-E58B-418C-8525-FC65EBD9AE64}.Debug|x64.Build.0 = Debug|Any CPU
		{2809629E-E58B-418C-8525-FC65EBD9AE64}.Debug|x86.ActiveCfg = Debug|Any CPU
		{2809629E-E58B-418C-8525-FC65EBD9AE64}.Debug|x86.Build.0 = Debug|Any CPU
		{2809629E-E58B-418C-8525-FC65EBD9AE64}.Release|Any CPU.ActiveCfg = Release|Any CPU
		{2809629E-E58B-418C-8525-FC65EBD9AE64}.Release|Any CPU.Build.0 = Release|Any CPU
		{2809629E-E58B-418C-8525-FC65EBD9AE64}.Release|x64.ActiveCfg = Release|Any CPU
		{2809629E-E58B-418C-8525-FC65EBD9AE64}.Release|x64.Build.0 = Release|Any CPU
		{2809629E-E58B-418C-8525-FC65EBD9AE64}.Release|x86.ActiveCfg = Release|Any CPU
		{2809629E-E58B-418C-8525-FC65EBD9AE64}.Release|x86.Build.0 = Release|Any CPU
		{7596821A-733A-46B1-B96C-5D564B1D0EFA}.Debug|Any CPU.ActiveCfg = Debug|Any CPU
		{7596821A-733A-46B1-B96C-5D564B1D0EFA}.Debug|Any CPU.Build.0 = Debug|Any CPU
		{7596821A-733A-46B1-B96C-5D564B1D0EFA}.Debug|x64.ActiveCfg = Debug|Any CPU
		{7596821A-733A-46B1-B96C-5D564B1D0EFA}.Debug|x64.Build.0 = Debug|Any CPU
		{7596821A-733A-46B1-B96C-5D564B1D0EFA}.Debug|x86.ActiveCfg = Debug|Any CPU
		{7596821A-733A-46B1-B96C-5D564B1D0EFA}.Debug|x86.Build.0 = Debug|Any CPU
		{7596821A-733A-46B1-B96C-5D564B1D0EFA}.Release|Any CPU.ActiveCfg = Release|Any CPU
		{7596821A-733A-46B1-B96C-5D564B1D0EFA}.Release|Any CPU.Build.0 = Release|Any CPU
		{7596821A-733A-46B1-B96C-5D564B1D0EFA}.Release|x64.ActiveCfg = Release|Any CPU
		{7596821A-733A-46B1-B96C-5D564B1D0EFA}.Release|x64.Build.0 = Release|Any CPU
		{7596821A-733A-46B1-B96C-5D564B1D0EFA}.Release|x86.ActiveCfg = Release|Any CPU
		{7596821A-733A-46B1-B96C-5D564B1D0EFA}.Release|x86.Build.0 = Release|Any CPU
		{02CC3B4E-EB18-4639-B8FB-5B2CAE8D5E11}.Debug|Any CPU.ActiveCfg = Debug|Any CPU
		{02CC3B4E-EB18-4639-B8FB-5B2CAE8D5E11}.Debug|Any CPU.Build.0 = Debug|Any CPU
		{02CC3B4E-EB18-4639-B8FB-5B2CAE8D5E11}.Debug|x64.ActiveCfg = Debug|Any CPU
		{02CC3B4E-EB18-4639-B8FB-5B2CAE8D5E11}.Debug|x64.Build.0 = Debug|Any CPU
		{02CC3B4E-EB18-4639-B8FB-5B2CAE8D5E11}.Debug|x86.ActiveCfg = Debug|Any CPU
		{02CC3B4E-EB18-4639-B8FB-5B2CAE8D5E11}.Debug|x86.Build.0 = Debug|Any CPU
		{02CC3B4E-EB18-4639-B8FB-5B2CAE8D5E11}.Release|Any CPU.ActiveCfg = Release|Any CPU
		{02CC3B4E-EB18-4639-B8FB-5B2CAE8D5E11}.Release|Any CPU.Build.0 = Release|Any CPU
		{02CC3B4E-EB18-4639-B8FB-5B2CAE8D5E11}.Release|x64.ActiveCfg = Release|Any CPU
		{02CC3B4E-EB18-4639-B8FB-5B2CAE8D5E11}.Release|x64.Build.0 = Release|Any CPU
		{02CC3B4E-EB18-4639-B8FB-5B2CAE8D5E11}.Release|x86.ActiveCfg = Release|Any CPU
		{02CC3B4E-EB18-4639-B8FB-5B2CAE8D5E11}.Release|x86.Build.0 = Release|Any CPU
		{A3ACB12E-5EF8-4622-8CB9-643E7BE34EBE}.Debug|Any CPU.ActiveCfg = Debug|Any CPU
		{A3ACB12E-5EF8-4622-8CB9-643E7BE34EBE}.Debug|Any CPU.Build.0 = Debug|Any CPU
		{A3ACB12E-5EF8-4622-8CB9-643E7BE34EBE}.Debug|x64.ActiveCfg = Debug|Any CPU
		{A3ACB12E-5EF8-4622-8CB9-643E7BE34EBE}.Debug|x64.Build.0 = Debug|Any CPU
		{A3ACB12E-5EF8-4622-8CB9-643E7BE34EBE}.Debug|x86.ActiveCfg = Debug|Any CPU
		{A3ACB12E-5EF8-4622-8CB9-643E7BE34EBE}.Debug|x86.Build.0 = Debug|Any CPU
		{A3ACB12E-5EF8-4622-8CB9-643E7BE34EBE}.Release|Any CPU.ActiveCfg = Release|Any CPU
		{A3ACB12E-5EF8-4622-8CB9-643E7BE34EBE}.Release|Any CPU.Build.0 = Release|Any CPU
		{A3ACB12E-5EF8-4622-8CB9-643E7BE34EBE}.Release|x64.ActiveCfg = Release|Any CPU
		{A3ACB12E-5EF8-4622-8CB9-643E7BE34EBE}.Release|x64.Build.0 = Release|Any CPU
		{A3ACB12E-5EF8-4622-8CB9-643E7BE34EBE}.Release|x86.ActiveCfg = Release|Any CPU
		{A3ACB12E-5EF8-4622-8CB9-643E7BE34EBE}.Release|x86.Build.0 = Release|Any CPU
		{7E66EFAB-E758-41BE-BECD-BCD3C7A36815}.Debug|Any CPU.ActiveCfg = Debug|Any CPU
		{7E66EFAB-E758-41BE-BECD-BCD3C7A36815}.Debug|Any CPU.Build.0 = Debug|Any CPU
		{7E66EFAB-E758-41BE-BECD-BCD3C7A36815}.Debug|x64.ActiveCfg = Debug|Any CPU
		{7E66EFAB-E758-41BE-BECD-BCD3C7A36815}.Debug|x64.Build.0 = Debug|Any CPU
		{7E66EFAB-E758-41BE-BECD-BCD3C7A36815}.Debug|x86.ActiveCfg = Debug|Any CPU
		{7E66EFAB-E758-41BE-BECD-BCD3C7A36815}.Debug|x86.Build.0 = Debug|Any CPU
		{7E66EFAB-E758-41BE-BECD-BCD3C7A36815}.Release|Any CPU.ActiveCfg = Release|Any CPU
		{7E66EFAB-E758-41BE-BECD-BCD3C7A36815}.Release|Any CPU.Build.0 = Release|Any CPU
		{7E66EFAB-E758-41BE-BECD-BCD3C7A36815}.Release|x64.ActiveCfg = Release|Any CPU
		{7E66EFAB-E758-41BE-BECD-BCD3C7A36815}.Release|x64.Build.0 = Release|Any CPU
		{7E66EFAB-E758-41BE-BECD-BCD3C7A36815}.Release|x86.ActiveCfg = Release|Any CPU
		{7E66EFAB-E758-41BE-BECD-BCD3C7A36815}.Release|x86.Build.0 = Release|Any CPU
		{2EDBDA91-0B23-4A52-AFA1-B4962FDA4367}.Debug|Any CPU.ActiveCfg = Debug|Any CPU
		{2EDBDA91-0B23-4A52-AFA1-B4962FDA4367}.Debug|Any CPU.Build.0 = Debug|Any CPU
		{2EDBDA91-0B23-4A52-AFA1-B4962FDA4367}.Debug|x64.ActiveCfg = Debug|Any CPU
		{2EDBDA91-0B23-4A52-AFA1-B4962FDA4367}.Debug|x64.Build.0 = Debug|Any CPU
		{2EDBDA91-0B23-4A52-AFA1-B4962FDA4367}.Debug|x86.ActiveCfg = Debug|Any CPU
		{2EDBDA91-0B23-4A52-AFA1-B4962FDA4367}.Debug|x86.Build.0 = Debug|Any CPU
		{2EDBDA91-0B23-4A52-AFA1-B4962FDA4367}.Release|Any CPU.ActiveCfg = Release|Any CPU
		{2EDBDA91-0B23-4A52-AFA1-B4962FDA4367}.Release|Any CPU.Build.0 = Release|Any CPU
		{2EDBDA91-0B23-4A52-AFA1-B4962FDA4367}.Release|x64.ActiveCfg = Release|Any CPU
		{2EDBDA91-0B23-4A52-AFA1-B4962FDA4367}.Release|x64.Build.0 = Release|Any CPU
		{2EDBDA91-0B23-4A52-AFA1-B4962FDA4367}.Release|x86.ActiveCfg = Release|Any CPU
		{2EDBDA91-0B23-4A52-AFA1-B4962FDA4367}.Release|x86.Build.0 = Release|Any CPU
		{857B979F-C16C-4967-A42B-5F1BA28E0FC6}.Debug|Any CPU.ActiveCfg = Debug|Any CPU
		{857B979F-C16C-4967-A42B-5F1BA28E0FC6}.Debug|Any CPU.Build.0 = Debug|Any CPU
		{857B979F-C16C-4967-A42B-5F1BA28E0FC6}.Debug|x64.ActiveCfg = Debug|Any CPU
		{857B979F-C16C-4967-A42B-5F1BA28E0FC6}.Debug|x64.Build.0 = Debug|Any CPU
		{857B979F-C16C-4967-A42B-5F1BA28E0FC6}.Debug|x86.ActiveCfg = Debug|Any CPU
		{857B979F-C16C-4967-A42B-5F1BA28E0FC6}.Debug|x86.Build.0 = Debug|Any CPU
		{857B979F-C16C-4967-A42B-5F1BA28E0FC6}.Release|Any CPU.ActiveCfg = Release|Any CPU
		{857B979F-C16C-4967-A42B-5F1BA28E0FC6}.Release|Any CPU.Build.0 = Release|Any CPU
		{857B979F-C16C-4967-A42B-5F1BA28E0FC6}.Release|x64.ActiveCfg = Release|Any CPU
		{857B979F-C16C-4967-A42B-5F1BA28E0FC6}.Release|x64.Build.0 = Release|Any CPU
		{857B979F-C16C-4967-A42B-5F1BA28E0FC6}.Release|x86.ActiveCfg = Release|Any CPU
		{857B979F-C16C-4967-A42B-5F1BA28E0FC6}.Release|x86.Build.0 = Release|Any CPU
		{943BC90A-9DCC-411D-AF52-F9D65E4CFEFC}.Debug|Any CPU.ActiveCfg = Debug|Any CPU
		{943BC90A-9DCC-411D-AF52-F9D65E4CFEFC}.Debug|Any CPU.Build.0 = Debug|Any CPU
		{943BC90A-9DCC-411D-AF52-F9D65E4CFEFC}.Debug|x64.ActiveCfg = Debug|Any CPU
		{943BC90A-9DCC-411D-AF52-F9D65E4CFEFC}.Debug|x64.Build.0 = Debug|Any CPU
		{943BC90A-9DCC-411D-AF52-F9D65E4CFEFC}.Debug|x86.ActiveCfg = Debug|Any CPU
		{943BC90A-9DCC-411D-AF52-F9D65E4CFEFC}.Debug|x86.Build.0 = Debug|Any CPU
		{943BC90A-9DCC-411D-AF52-F9D65E4CFEFC}.Release|Any CPU.ActiveCfg = Release|Any CPU
		{943BC90A-9DCC-411D-AF52-F9D65E4CFEFC}.Release|Any CPU.Build.0 = Release|Any CPU
		{943BC90A-9DCC-411D-AF52-F9D65E4CFEFC}.Release|x64.ActiveCfg = Release|Any CPU
		{943BC90A-9DCC-411D-AF52-F9D65E4CFEFC}.Release|x64.Build.0 = Release|Any CPU
		{943BC90A-9DCC-411D-AF52-F9D65E4CFEFC}.Release|x86.ActiveCfg = Release|Any CPU
		{943BC90A-9DCC-411D-AF52-F9D65E4CFEFC}.Release|x86.Build.0 = Release|Any CPU
		{D7B46C0C-A1A4-4A89-8E2F-F98595BF182C}.Debug|Any CPU.ActiveCfg = Debug|Any CPU
		{D7B46C0C-A1A4-4A89-8E2F-F98595BF182C}.Debug|Any CPU.Build.0 = Debug|Any CPU
		{D7B46C0C-A1A4-4A89-8E2F-F98595BF182C}.Debug|x64.ActiveCfg = Debug|Any CPU
		{D7B46C0C-A1A4-4A89-8E2F-F98595BF182C}.Debug|x64.Build.0 = Debug|Any CPU
		{D7B46C0C-A1A4-4A89-8E2F-F98595BF182C}.Debug|x86.ActiveCfg = Debug|Any CPU
		{D7B46C0C-A1A4-4A89-8E2F-F98595BF182C}.Debug|x86.Build.0 = Debug|Any CPU
		{D7B46C0C-A1A4-4A89-8E2F-F98595BF182C}.Release|Any CPU.ActiveCfg = Release|Any CPU
		{D7B46C0C-A1A4-4A89-8E2F-F98595BF182C}.Release|Any CPU.Build.0 = Release|Any CPU
		{D7B46C0C-A1A4-4A89-8E2F-F98595BF182C}.Release|x64.ActiveCfg = Release|Any CPU
		{D7B46C0C-A1A4-4A89-8E2F-F98595BF182C}.Release|x64.Build.0 = Release|Any CPU
		{D7B46C0C-A1A4-4A89-8E2F-F98595BF182C}.Release|x86.ActiveCfg = Release|Any CPU
		{D7B46C0C-A1A4-4A89-8E2F-F98595BF182C}.Release|x86.Build.0 = Release|Any CPU
		{2D5C14E0-2983-4DB1-A5F8-FD4F8388408A}.Debug|Any CPU.ActiveCfg = Debug|Any CPU
		{2D5C14E0-2983-4DB1-A5F8-FD4F8388408A}.Debug|Any CPU.Build.0 = Debug|Any CPU
		{2D5C14E0-2983-4DB1-A5F8-FD4F8388408A}.Debug|x64.ActiveCfg = Debug|Any CPU
		{2D5C14E0-2983-4DB1-A5F8-FD4F8388408A}.Debug|x64.Build.0 = Debug|Any CPU
		{2D5C14E0-2983-4DB1-A5F8-FD4F8388408A}.Debug|x86.ActiveCfg = Debug|Any CPU
		{2D5C14E0-2983-4DB1-A5F8-FD4F8388408A}.Debug|x86.Build.0 = Debug|Any CPU
		{2D5C14E0-2983-4DB1-A5F8-FD4F8388408A}.Release|Any CPU.ActiveCfg = Release|Any CPU
		{2D5C14E0-2983-4DB1-A5F8-FD4F8388408A}.Release|Any CPU.Build.0 = Release|Any CPU
		{2D5C14E0-2983-4DB1-A5F8-FD4F8388408A}.Release|x64.ActiveCfg = Release|Any CPU
		{2D5C14E0-2983-4DB1-A5F8-FD4F8388408A}.Release|x64.Build.0 = Release|Any CPU
		{2D5C14E0-2983-4DB1-A5F8-FD4F8388408A}.Release|x86.ActiveCfg = Release|Any CPU
		{2D5C14E0-2983-4DB1-A5F8-FD4F8388408A}.Release|x86.Build.0 = Release|Any CPU
		{D002876D-B770-4236-8B39-B84EBBD25938}.Debug|Any CPU.ActiveCfg = Debug|Any CPU
		{D002876D-B770-4236-8B39-B84EBBD25938}.Debug|Any CPU.Build.0 = Debug|Any CPU
		{D002876D-B770-4236-8B39-B84EBBD25938}.Debug|x64.ActiveCfg = Debug|Any CPU
		{D002876D-B770-4236-8B39-B84EBBD25938}.Debug|x64.Build.0 = Debug|Any CPU
		{D002876D-B770-4236-8B39-B84EBBD25938}.Debug|x86.ActiveCfg = Debug|Any CPU
		{D002876D-B770-4236-8B39-B84EBBD25938}.Debug|x86.Build.0 = Debug|Any CPU
		{D002876D-B770-4236-8B39-B84EBBD25938}.Release|Any CPU.ActiveCfg = Release|Any CPU
		{D002876D-B770-4236-8B39-B84EBBD25938}.Release|Any CPU.Build.0 = Release|Any CPU
		{D002876D-B770-4236-8B39-B84EBBD25938}.Release|x64.ActiveCfg = Release|Any CPU
		{D002876D-B770-4236-8B39-B84EBBD25938}.Release|x64.Build.0 = Release|Any CPU
		{D002876D-B770-4236-8B39-B84EBBD25938}.Release|x86.ActiveCfg = Release|Any CPU
		{D002876D-B770-4236-8B39-B84EBBD25938}.Release|x86.Build.0 = Release|Any CPU
		{3BBD7A90-E055-476C-934F-0AE561DDDB95}.Debug|Any CPU.ActiveCfg = Debug|Any CPU
		{3BBD7A90-E055-476C-934F-0AE561DDDB95}.Debug|Any CPU.Build.0 = Debug|Any CPU
		{3BBD7A90-E055-476C-934F-0AE561DDDB95}.Debug|x64.ActiveCfg = Debug|Any CPU
		{3BBD7A90-E055-476C-934F-0AE561DDDB95}.Debug|x64.Build.0 = Debug|Any CPU
		{3BBD7A90-E055-476C-934F-0AE561DDDB95}.Debug|x86.ActiveCfg = Debug|Any CPU
		{3BBD7A90-E055-476C-934F-0AE561DDDB95}.Debug|x86.Build.0 = Debug|Any CPU
		{3BBD7A90-E055-476C-934F-0AE561DDDB95}.Release|Any CPU.ActiveCfg = Release|Any CPU
		{3BBD7A90-E055-476C-934F-0AE561DDDB95}.Release|Any CPU.Build.0 = Release|Any CPU
		{3BBD7A90-E055-476C-934F-0AE561DDDB95}.Release|x64.ActiveCfg = Release|Any CPU
		{3BBD7A90-E055-476C-934F-0AE561DDDB95}.Release|x64.Build.0 = Release|Any CPU
		{3BBD7A90-E055-476C-934F-0AE561DDDB95}.Release|x86.ActiveCfg = Release|Any CPU
		{3BBD7A90-E055-476C-934F-0AE561DDDB95}.Release|x86.Build.0 = Release|Any CPU
		{A92861F8-526F-40DB-BF3D-43E8BF53851C}.Debug|Any CPU.ActiveCfg = Debug|Any CPU
		{A92861F8-526F-40DB-BF3D-43E8BF53851C}.Debug|Any CPU.Build.0 = Debug|Any CPU
		{A92861F8-526F-40DB-BF3D-43E8BF53851C}.Debug|x64.ActiveCfg = Debug|Any CPU
		{A92861F8-526F-40DB-BF3D-43E8BF53851C}.Debug|x64.Build.0 = Debug|Any CPU
		{A92861F8-526F-40DB-BF3D-43E8BF53851C}.Debug|x86.ActiveCfg = Debug|Any CPU
		{A92861F8-526F-40DB-BF3D-43E8BF53851C}.Debug|x86.Build.0 = Debug|Any CPU
		{A92861F8-526F-40DB-BF3D-43E8BF53851C}.Release|Any CPU.ActiveCfg = Release|Any CPU
		{A92861F8-526F-40DB-BF3D-43E8BF53851C}.Release|Any CPU.Build.0 = Release|Any CPU
		{A92861F8-526F-40DB-BF3D-43E8BF53851C}.Release|x64.ActiveCfg = Release|Any CPU
		{A92861F8-526F-40DB-BF3D-43E8BF53851C}.Release|x64.Build.0 = Release|Any CPU
		{A92861F8-526F-40DB-BF3D-43E8BF53851C}.Release|x86.ActiveCfg = Release|Any CPU
		{A92861F8-526F-40DB-BF3D-43E8BF53851C}.Release|x86.Build.0 = Release|Any CPU
		{9BB9BE0C-31C9-497A-8D94-5430581C529F}.Debug|Any CPU.ActiveCfg = Debug|Any CPU
		{9BB9BE0C-31C9-497A-8D94-5430581C529F}.Debug|Any CPU.Build.0 = Debug|Any CPU
		{9BB9BE0C-31C9-497A-8D94-5430581C529F}.Debug|x64.ActiveCfg = Debug|Any CPU
		{9BB9BE0C-31C9-497A-8D94-5430581C529F}.Debug|x64.Build.0 = Debug|Any CPU
		{9BB9BE0C-31C9-497A-8D94-5430581C529F}.Debug|x86.ActiveCfg = Debug|Any CPU
		{9BB9BE0C-31C9-497A-8D94-5430581C529F}.Debug|x86.Build.0 = Debug|Any CPU
		{9BB9BE0C-31C9-497A-8D94-5430581C529F}.Release|Any CPU.ActiveCfg = Release|Any CPU
		{9BB9BE0C-31C9-497A-8D94-5430581C529F}.Release|Any CPU.Build.0 = Release|Any CPU
		{9BB9BE0C-31C9-497A-8D94-5430581C529F}.Release|x64.ActiveCfg = Release|Any CPU
		{9BB9BE0C-31C9-497A-8D94-5430581C529F}.Release|x64.Build.0 = Release|Any CPU
		{9BB9BE0C-31C9-497A-8D94-5430581C529F}.Release|x86.ActiveCfg = Release|Any CPU
		{9BB9BE0C-31C9-497A-8D94-5430581C529F}.Release|x86.Build.0 = Release|Any CPU
		{75E41676-580B-403E-896B-3B38F0F7E45A}.Debug|Any CPU.ActiveCfg = Debug|Any CPU
		{75E41676-580B-403E-896B-3B38F0F7E45A}.Debug|Any CPU.Build.0 = Debug|Any CPU
		{75E41676-580B-403E-896B-3B38F0F7E45A}.Debug|x64.ActiveCfg = Debug|Any CPU
		{75E41676-580B-403E-896B-3B38F0F7E45A}.Debug|x64.Build.0 = Debug|Any CPU
		{75E41676-580B-403E-896B-3B38F0F7E45A}.Debug|x86.ActiveCfg = Debug|Any CPU
		{75E41676-580B-403E-896B-3B38F0F7E45A}.Debug|x86.Build.0 = Debug|Any CPU
		{75E41676-580B-403E-896B-3B38F0F7E45A}.Release|Any CPU.ActiveCfg = Release|Any CPU
		{75E41676-580B-403E-896B-3B38F0F7E45A}.Release|Any CPU.Build.0 = Release|Any CPU
		{75E41676-580B-403E-896B-3B38F0F7E45A}.Release|x64.ActiveCfg = Release|Any CPU
		{75E41676-580B-403E-896B-3B38F0F7E45A}.Release|x64.Build.0 = Release|Any CPU
		{75E41676-580B-403E-896B-3B38F0F7E45A}.Release|x86.ActiveCfg = Release|Any CPU
		{75E41676-580B-403E-896B-3B38F0F7E45A}.Release|x86.Build.0 = Release|Any CPU
		{B80B5395-2507-4FA2-A997-A4A993821AC9}.Debug|Any CPU.ActiveCfg = Debug|Any CPU
		{B80B5395-2507-4FA2-A997-A4A993821AC9}.Debug|Any CPU.Build.0 = Debug|Any CPU
		{B80B5395-2507-4FA2-A997-A4A993821AC9}.Debug|x64.ActiveCfg = Debug|Any CPU
		{B80B5395-2507-4FA2-A997-A4A993821AC9}.Debug|x64.Build.0 = Debug|Any CPU
		{B80B5395-2507-4FA2-A997-A4A993821AC9}.Debug|x86.ActiveCfg = Debug|Any CPU
		{B80B5395-2507-4FA2-A997-A4A993821AC9}.Debug|x86.Build.0 = Debug|Any CPU
		{B80B5395-2507-4FA2-A997-A4A993821AC9}.Release|Any CPU.ActiveCfg = Release|Any CPU
		{B80B5395-2507-4FA2-A997-A4A993821AC9}.Release|Any CPU.Build.0 = Release|Any CPU
		{B80B5395-2507-4FA2-A997-A4A993821AC9}.Release|x64.ActiveCfg = Release|Any CPU
		{B80B5395-2507-4FA2-A997-A4A993821AC9}.Release|x64.Build.0 = Release|Any CPU
		{B80B5395-2507-4FA2-A997-A4A993821AC9}.Release|x86.ActiveCfg = Release|Any CPU
		{B80B5395-2507-4FA2-A997-A4A993821AC9}.Release|x86.Build.0 = Release|Any CPU
		{E620E660-ED82-48E9-BCC2-681B885AEF40}.Debug|Any CPU.ActiveCfg = Debug|Any CPU
		{E620E660-ED82-48E9-BCC2-681B885AEF40}.Debug|Any CPU.Build.0 = Debug|Any CPU
		{E620E660-ED82-48E9-BCC2-681B885AEF40}.Debug|x64.ActiveCfg = Debug|Any CPU
		{E620E660-ED82-48E9-BCC2-681B885AEF40}.Debug|x64.Build.0 = Debug|Any CPU
		{E620E660-ED82-48E9-BCC2-681B885AEF40}.Debug|x86.ActiveCfg = Debug|Any CPU
		{E620E660-ED82-48E9-BCC2-681B885AEF40}.Debug|x86.Build.0 = Debug|Any CPU
		{E620E660-ED82-48E9-BCC2-681B885AEF40}.Release|Any CPU.ActiveCfg = Release|Any CPU
		{E620E660-ED82-48E9-BCC2-681B885AEF40}.Release|Any CPU.Build.0 = Release|Any CPU
		{E620E660-ED82-48E9-BCC2-681B885AEF40}.Release|x64.ActiveCfg = Release|Any CPU
		{E620E660-ED82-48E9-BCC2-681B885AEF40}.Release|x64.Build.0 = Release|Any CPU
		{E620E660-ED82-48E9-BCC2-681B885AEF40}.Release|x86.ActiveCfg = Release|Any CPU
		{E620E660-ED82-48E9-BCC2-681B885AEF40}.Release|x86.Build.0 = Release|Any CPU
		{18B1DEE9-AE80-4618-AE91-DCA0478E645B}.Debug|Any CPU.ActiveCfg = Debug|Any CPU
		{18B1DEE9-AE80-4618-AE91-DCA0478E645B}.Debug|Any CPU.Build.0 = Debug|Any CPU
		{18B1DEE9-AE80-4618-AE91-DCA0478E645B}.Debug|x64.ActiveCfg = Debug|Any CPU
		{18B1DEE9-AE80-4618-AE91-DCA0478E645B}.Debug|x64.Build.0 = Debug|Any CPU
		{18B1DEE9-AE80-4618-AE91-DCA0478E645B}.Debug|x86.ActiveCfg = Debug|Any CPU
		{18B1DEE9-AE80-4618-AE91-DCA0478E645B}.Debug|x86.Build.0 = Debug|Any CPU
		{18B1DEE9-AE80-4618-AE91-DCA0478E645B}.Release|Any CPU.ActiveCfg = Release|Any CPU
		{18B1DEE9-AE80-4618-AE91-DCA0478E645B}.Release|Any CPU.Build.0 = Release|Any CPU
		{18B1DEE9-AE80-4618-AE91-DCA0478E645B}.Release|x64.ActiveCfg = Release|Any CPU
		{18B1DEE9-AE80-4618-AE91-DCA0478E645B}.Release|x64.Build.0 = Release|Any CPU
		{18B1DEE9-AE80-4618-AE91-DCA0478E645B}.Release|x86.ActiveCfg = Release|Any CPU
		{18B1DEE9-AE80-4618-AE91-DCA0478E645B}.Release|x86.Build.0 = Release|Any CPU
		{BDF53715-707B-4585-AFD8-A1609915F0B2}.Debug|Any CPU.ActiveCfg = Debug|Any CPU
		{BDF53715-707B-4585-AFD8-A1609915F0B2}.Debug|Any CPU.Build.0 = Debug|Any CPU
		{BDF53715-707B-4585-AFD8-A1609915F0B2}.Debug|x64.ActiveCfg = Debug|Any CPU
		{BDF53715-707B-4585-AFD8-A1609915F0B2}.Debug|x64.Build.0 = Debug|Any CPU
		{BDF53715-707B-4585-AFD8-A1609915F0B2}.Debug|x86.ActiveCfg = Debug|Any CPU
		{BDF53715-707B-4585-AFD8-A1609915F0B2}.Debug|x86.Build.0 = Debug|Any CPU
		{BDF53715-707B-4585-AFD8-A1609915F0B2}.Release|Any CPU.ActiveCfg = Release|Any CPU
		{BDF53715-707B-4585-AFD8-A1609915F0B2}.Release|Any CPU.Build.0 = Release|Any CPU
		{BDF53715-707B-4585-AFD8-A1609915F0B2}.Release|x64.ActiveCfg = Release|Any CPU
		{BDF53715-707B-4585-AFD8-A1609915F0B2}.Release|x64.Build.0 = Release|Any CPU
		{BDF53715-707B-4585-AFD8-A1609915F0B2}.Release|x86.ActiveCfg = Release|Any CPU
		{BDF53715-707B-4585-AFD8-A1609915F0B2}.Release|x86.Build.0 = Release|Any CPU
		{9A8BEC0A-CE58-45F3-8828-43B1233A264A}.Debug|Any CPU.ActiveCfg = Debug|Any CPU
		{9A8BEC0A-CE58-45F3-8828-43B1233A264A}.Debug|Any CPU.Build.0 = Debug|Any CPU
		{9A8BEC0A-CE58-45F3-8828-43B1233A264A}.Debug|x64.ActiveCfg = Debug|Any CPU
		{9A8BEC0A-CE58-45F3-8828-43B1233A264A}.Debug|x64.Build.0 = Debug|Any CPU
		{9A8BEC0A-CE58-45F3-8828-43B1233A264A}.Debug|x86.ActiveCfg = Debug|Any CPU
		{9A8BEC0A-CE58-45F3-8828-43B1233A264A}.Debug|x86.Build.0 = Debug|Any CPU
		{9A8BEC0A-CE58-45F3-8828-43B1233A264A}.Release|Any CPU.ActiveCfg = Release|Any CPU
		{9A8BEC0A-CE58-45F3-8828-43B1233A264A}.Release|Any CPU.Build.0 = Release|Any CPU
		{9A8BEC0A-CE58-45F3-8828-43B1233A264A}.Release|x64.ActiveCfg = Release|Any CPU
		{9A8BEC0A-CE58-45F3-8828-43B1233A264A}.Release|x64.Build.0 = Release|Any CPU
		{9A8BEC0A-CE58-45F3-8828-43B1233A264A}.Release|x86.ActiveCfg = Release|Any CPU
		{9A8BEC0A-CE58-45F3-8828-43B1233A264A}.Release|x86.Build.0 = Release|Any CPU
		{66460855-F9CA-459D-A9D6-50476F7A8F0F}.Debug|Any CPU.ActiveCfg = Debug|Any CPU
		{66460855-F9CA-459D-A9D6-50476F7A8F0F}.Debug|Any CPU.Build.0 = Debug|Any CPU
		{66460855-F9CA-459D-A9D6-50476F7A8F0F}.Debug|x64.ActiveCfg = Debug|Any CPU
		{66460855-F9CA-459D-A9D6-50476F7A8F0F}.Debug|x64.Build.0 = Debug|Any CPU
		{66460855-F9CA-459D-A9D6-50476F7A8F0F}.Debug|x86.ActiveCfg = Debug|Any CPU
		{66460855-F9CA-459D-A9D6-50476F7A8F0F}.Debug|x86.Build.0 = Debug|Any CPU
		{66460855-F9CA-459D-A9D6-50476F7A8F0F}.Release|Any CPU.ActiveCfg = Release|Any CPU
		{66460855-F9CA-459D-A9D6-50476F7A8F0F}.Release|Any CPU.Build.0 = Release|Any CPU
		{66460855-F9CA-459D-A9D6-50476F7A8F0F}.Release|x64.ActiveCfg = Release|Any CPU
		{66460855-F9CA-459D-A9D6-50476F7A8F0F}.Release|x64.Build.0 = Release|Any CPU
		{66460855-F9CA-459D-A9D6-50476F7A8F0F}.Release|x86.ActiveCfg = Release|Any CPU
		{66460855-F9CA-459D-A9D6-50476F7A8F0F}.Release|x86.Build.0 = Release|Any CPU
	EndGlobalSection
	GlobalSection(SolutionProperties) = preSolution
		HideSolutionNode = FALSE
	EndGlobalSection
	GlobalSection(NestedProjects) = preSolution
		{153FB32F-088A-4B5C-9E0A-05064614983B} = {A8974F1A-5834-40E4-BFDF-29506C147413}
		{73B4A6D2-A6ED-492D-84B6-2B450C22C1EC} = {A8974F1A-5834-40E4-BFDF-29506C147413}
		{69329E24-3559-4EED-9D8F-E752459CEBA0} = {A8974F1A-5834-40E4-BFDF-29506C147413}
		{D43F275F-F7AB-4DFC-841C-C63FE30A4863} = {A8974F1A-5834-40E4-BFDF-29506C147413}
		{58A0B112-7A79-481B-87D3-2FE9B63E363A} = {A8974F1A-5834-40E4-BFDF-29506C147413}
		{60CE7909-B4EE-41EE-8455-93B9684DE18A} = {A8974F1A-5834-40E4-BFDF-29506C147413}
		{3B3A94A2-FF35-4CE8-8AC8-DDBDDFC064F1} = {A8974F1A-5834-40E4-BFDF-29506C147413}
		{55675B15-7BC2-4CA9-8934-06E1A5647E86} = {A8974F1A-5834-40E4-BFDF-29506C147413}
		{A6BDE6D0-E00A-4DA7-AEEF-5C1344486202} = {A8974F1A-5834-40E4-BFDF-29506C147413}
		{7696493F-1B10-4306-B5A0-CE7A399599D9} = {A8974F1A-5834-40E4-BFDF-29506C147413}
		{036032D3-48E2-442B-86FA-D7522D4842DA} = {A8974F1A-5834-40E4-BFDF-29506C147413}
		{462DB727-990C-4ED6-8A22-6705033C5AF6} = {A8974F1A-5834-40E4-BFDF-29506C147413}
		{710A0E1E-E483-49CF-9240-1456774FDDF3} = {A8974F1A-5834-40E4-BFDF-29506C147413}
		{7F17B62A-9EB7-4BCD-9E56-D5C4E375D02B} = {A8974F1A-5834-40E4-BFDF-29506C147413}
		{9A3CAD94-E025-4275-85FD-74F6BD3283C6} = {A8974F1A-5834-40E4-BFDF-29506C147413}
		{E1BAB56D-2B80-4DB5-8F80-924FB5DED668} = {A8974F1A-5834-40E4-BFDF-29506C147413}
		{546D7A0E-C40D-4EAE-8A23-F841F178CFBD} = {A8974F1A-5834-40E4-BFDF-29506C147413}
		{3E7FBB79-24B7-4957-850E-DA37A0DAA36C} = {A8974F1A-5834-40E4-BFDF-29506C147413}
		{C43999C2-6F8D-4A19-AD63-9D2AA3116075} = {A8974F1A-5834-40E4-BFDF-29506C147413}
		{47BF30B2-F6CB-4DF5-AA1D-9038C293A4CA} = {A8974F1A-5834-40E4-BFDF-29506C147413}
		{49715E3C-D732-4385-8206-3B14B7C5E975} = {A8974F1A-5834-40E4-BFDF-29506C147413}
		{3635198C-DE27-4FAB-AA02-3CED6D7007DD} = {A8974F1A-5834-40E4-BFDF-29506C147413}
		{3ADF96D1-9A2C-4229-A64C-37DA45339A43} = {A8974F1A-5834-40E4-BFDF-29506C147413}
		{8C9E8CD8-37B5-4DB0-AE36-997D0836BDAC} = {A8974F1A-5834-40E4-BFDF-29506C147413}
		{0A1E8DEC-2C9D-41A5-BD54-9EB30735C7BA} = {A8974F1A-5834-40E4-BFDF-29506C147413}
		{98209942-A4EC-4D1A-A5F8-4898227BBF21} = {A8974F1A-5834-40E4-BFDF-29506C147413}
		{6C1EBB34-E48B-4C53-B199-F5F86B6A7027} = {A8974F1A-5834-40E4-BFDF-29506C147413}
		{7565045D-32A1-4D79-82A1-54714B782B46} = {A8974F1A-5834-40E4-BFDF-29506C147413}
		{1853B1B3-119B-46B7-9BCE-FEB786E550A8} = {A8974F1A-5834-40E4-BFDF-29506C147413}
		{ECDA7ABD-A927-4EA2-B28B-19047D552C2C} = {A8974F1A-5834-40E4-BFDF-29506C147413}
		{5018ECD3-28B1-4AF1-BB2A-D4DD6FA62C1A} = {A8974F1A-5834-40E4-BFDF-29506C147413}
		{7F252D0C-8079-4A21-A3BE-81372BA94158} = {A8974F1A-5834-40E4-BFDF-29506C147413}
		{6A504595-D8D0-4919-B601-7D2DA7CD91FD} = {A8974F1A-5834-40E4-BFDF-29506C147413}
		{AD507A44-970A-4DC2-8791-685FB6B67282} = {A8974F1A-5834-40E4-BFDF-29506C147413}
		{5AA1949C-2CFB-4139-A5B9-10A8B2CBA637} = {A8974F1A-5834-40E4-BFDF-29506C147413}
		{D9C2718D-0761-4311-8438-94B458F6FB8B} = {A8974F1A-5834-40E4-BFDF-29506C147413}
		{1683850C-B210-4C93-9BDB-7AAB24332E55} = {A8974F1A-5834-40E4-BFDF-29506C147413}
		{E2010911-80AA-428B-ABF9-9013307CD4F1} = {A8974F1A-5834-40E4-BFDF-29506C147413}
		{6208DA20-025E-43D1-BD95-0144FCEDC7FC} = {A8974F1A-5834-40E4-BFDF-29506C147413}
		{F965D471-18D5-4A2E-ACBB-2E49773CFCFA} = {A8974F1A-5834-40E4-BFDF-29506C147413}
		{F7729575-546E-4B74-8E27-FDDA3C76A120} = {A8974F1A-5834-40E4-BFDF-29506C147413}
		{D0ABE299-3B45-462C-A240-D5381D0DB80C} = {A8974F1A-5834-40E4-BFDF-29506C147413}
		{FA04C685-5ECA-4A64-977C-F3C27F110B65} = {A8974F1A-5834-40E4-BFDF-29506C147413}
		{2809629E-E58B-418C-8525-FC65EBD9AE64} = {A8974F1A-5834-40E4-BFDF-29506C147413}
		{7596821A-733A-46B1-B96C-5D564B1D0EFA} = {A8974F1A-5834-40E4-BFDF-29506C147413}
		{02CC3B4E-EB18-4639-B8FB-5B2CAE8D5E11} = {A8974F1A-5834-40E4-BFDF-29506C147413}
		{A3ACB12E-5EF8-4622-8CB9-643E7BE34EBE} = {A8974F1A-5834-40E4-BFDF-29506C147413}
		{7E66EFAB-E758-41BE-BECD-BCD3C7A36815} = {A8974F1A-5834-40E4-BFDF-29506C147413}
		{2EDBDA91-0B23-4A52-AFA1-B4962FDA4367} = {A8974F1A-5834-40E4-BFDF-29506C147413}
		{857B979F-C16C-4967-A42B-5F1BA28E0FC6} = {A8974F1A-5834-40E4-BFDF-29506C147413}
		{943BC90A-9DCC-411D-AF52-F9D65E4CFEFC} = {A8974F1A-5834-40E4-BFDF-29506C147413}
		{D7B46C0C-A1A4-4A89-8E2F-F98595BF182C} = {A8974F1A-5834-40E4-BFDF-29506C147413}
		{2D5C14E0-2983-4DB1-A5F8-FD4F8388408A} = {A8974F1A-5834-40E4-BFDF-29506C147413}
		{D002876D-B770-4236-8B39-B84EBBD25938} = {A8974F1A-5834-40E4-BFDF-29506C147413}
		{3BBD7A90-E055-476C-934F-0AE561DDDB95} = {A8974F1A-5834-40E4-BFDF-29506C147413}
		{A92861F8-526F-40DB-BF3D-43E8BF53851C} = {A8974F1A-5834-40E4-BFDF-29506C147413}
		{9BB9BE0C-31C9-497A-8D94-5430581C529F} = {A8974F1A-5834-40E4-BFDF-29506C147413}
		{75E41676-580B-403E-896B-3B38F0F7E45A} = {A8974F1A-5834-40E4-BFDF-29506C147413}
		{B80B5395-2507-4FA2-A997-A4A993821AC9} = {A8974F1A-5834-40E4-BFDF-29506C147413}
		{E620E660-ED82-48E9-BCC2-681B885AEF40} = {A8974F1A-5834-40E4-BFDF-29506C147413}
		{18B1DEE9-AE80-4618-AE91-DCA0478E645B} = {A8974F1A-5834-40E4-BFDF-29506C147413}
		{BDF53715-707B-4585-AFD8-A1609915F0B2} = {A8974F1A-5834-40E4-BFDF-29506C147413}
		{9A8BEC0A-CE58-45F3-8828-43B1233A264A} = {A8974F1A-5834-40E4-BFDF-29506C147413}
		{66460855-F9CA-459D-A9D6-50476F7A8F0F} = {A8974F1A-5834-40E4-BFDF-29506C147413}
	EndGlobalSection
	GlobalSection(ExtensibilityGlobals) = postSolution
		SolutionGuid = {C02D4498-71F8-4459-A8A8-5CB857AC135F}
	EndGlobalSection
EndGlobal
