
Microsoft Visual Studio Solution File, Format Version 12.00
# Visual Studio Version 16
VisualStudioVersion = 16.6.30114.105
MinimumVisualStudioVersion = 10.0.40219.1
Project("{FAE04EC0-301F-11D3-BF4B-00C04F79EFBC}") = "R5T.T0039.X0001.Construction", "R5T.T0039.X0001.Construction\R5T.T0039.X0001.Construction.csproj", "{F06A00F1-1415-4600-8F7E-F4844F37E589}"
EndProject
Project("{FAE04EC0-301F-11D3-BF4B-00C04F79EFBC}") = "R5T.T0039.X0001", "R5T.T0039.X0001\R5T.T0039.X0001.csproj", "{EBA8308F-12FF-44D3-9631-F349CD38210F}"
EndProject
Global
	GlobalSection(SolutionConfigurationPlatforms) = preSolution
		Debug|Any CPU = Debug|Any CPU
		Debug|x64 = Debug|x64
		Debug|x86 = Debug|x86
		Release|Any CPU = Release|Any CPU
		Release|x64 = Release|x64
		Release|x86 = Release|x86
	EndGlobalSection
	GlobalSection(SolutionProperties) = preSolution
		HideSolutionNode = FALSE
	EndGlobalSection
	GlobalSection(ProjectConfigurationPlatforms) = postSolution
		{F06A00F1-1415-4600-8F7E-F4844F37E589}.Debug|Any CPU.ActiveCfg = Debug|Any CPU
		{F06A00F1-1415-4600-8F7E-F4844F37E589}.Debug|Any CPU.Build.0 = Debug|Any CPU
		{F06A00F1-1415-4600-8F7E-F4844F37E589}.Debug|x64.ActiveCfg = Debug|Any CPU
		{F06A00F1-1415-4600-8F7E-F4844F37E589}.Debug|x64.Build.0 = Debug|Any CPU
		{F06A00F1-1415-4600-8F7E-F4844F37E589}.Debug|x86.ActiveCfg = Debug|Any CPU
		{F06A00F1-1415-4600-8F7E-F4844F37E589}.Debug|x86.Build.0 = Debug|Any CPU
		{F06A00F1-1415-4600-8F7E-F4844F37E589}.Release|Any CPU.ActiveCfg = Release|Any CPU
		{F06A00F1-1415-4600-8F7E-F4844F37E589}.Release|Any CPU.Build.0 = Release|Any CPU
		{F06A00F1-1415-4600-8F7E-F4844F37E589}.Release|x64.ActiveCfg = Release|Any CPU
		{F06A00F1-1415-4600-8F7E-F4844F37E589}.Release|x64.Build.0 = Release|Any CPU
		{F06A00F1-1415-4600-8F7E-F4844F37E589}.Release|x86.ActiveCfg = Release|Any CPU
		{F06A00F1-1415-4600-8F7E-F4844F37E589}.Release|x86.Build.0 = Release|Any CPU
		{EBA8308F-12FF-44D3-9631-F349CD38210F}.Debug|Any CPU.ActiveCfg = Debug|Any CPU
		{EBA8308F-12FF-44D3-9631-F349CD38210F}.Debug|Any CPU.Build.0 = Debug|Any CPU
		{EBA8308F-12FF-44D3-9631-F349CD38210F}.Debug|x64.ActiveCfg = Debug|Any CPU
		{EBA8308F-12FF-44D3-9631-F349CD38210F}.Debug|x64.Build.0 = Debug|Any CPU
		{EBA8308F-12FF-44D3-9631-F349CD38210F}.Debug|x86.ActiveCfg = Debug|Any CPU
		{EBA8308F-12FF-44D3-9631-F349CD38210F}.Debug|x86.Build.0 = Debug|Any CPU
		{EBA8308F-12FF-44D3-9631-F349CD38210F}.Release|Any CPU.ActiveCfg = Release|Any CPU
		{EBA8308F-12FF-44D3-9631-F349CD38210F}.Release|Any CPU.Build.0 = Release|Any CPU
		{EBA8308F-12FF-44D3-9631-F349CD38210F}.Release|x64.ActiveCfg = Release|Any CPU
		{EBA8308F-12FF-44D3-9631-F349CD38210F}.Release|x64.Build.0 = Release|Any CPU
		{EBA8308F-12FF-44D3-9631-F349CD38210F}.Release|x86.ActiveCfg = Release|Any CPU
		{EBA8308F-12FF-44D3-9631-F349CD38210F}.Release|x86.Build.0 = Release|Any CPU
	EndGlobalSection
EndGlobal
